
Microsoft Visual Studio Solution File, Format Version 10.00
# Visual C# Express 2008
Project("{FAE04EC0-301F-11D3-BF4B-00C04F79EFBC}") = "TSO LoginServer", "TSO LoginServer\TSO LoginServer.csproj", "{1F133711-76DB-48DA-8176-684360B39BCA}"
EndProject
Project("{FAE04EC0-301F-11D3-BF4B-00C04F79EFBC}") = "TSODataModel", "..\TSODataModel\TSODataModel.csproj", "{1C9492AD-94D3-4E42-83D6-A7861F43FC1B}"
EndProject
Project("{FAE04EC0-301F-11D3-BF4B-00C04F79EFBC}") = "GonzoNet", "..\Other\tools\GonzoNet\GonzoNet\GonzoNet\GonzoNet.csproj", "{97E9BFEC-8AED-441A-9028-C5F510522CD9}"
EndProject
Global
	GlobalSection(SolutionConfigurationPlatforms) = preSolution
		Debug|Any CPU = Debug|Any CPU
		Release|Any CPU = Release|Any CPU
	EndGlobalSection
	GlobalSection(ProjectConfigurationPlatforms) = postSolution
		{1F133711-76DB-48DA-8176-684360B39BCA}.Debug|Any CPU.ActiveCfg = Debug|Any CPU
		{1F133711-76DB-48DA-8176-684360B39BCA}.Debug|Any CPU.Build.0 = Debug|Any CPU
		{1F133711-76DB-48DA-8176-684360B39BCA}.Release|Any CPU.ActiveCfg = Release|Any CPU
		{1F133711-76DB-48DA-8176-684360B39BCA}.Release|Any CPU.Build.0 = Release|Any CPU
		{1C9492AD-94D3-4E42-83D6-A7861F43FC1B}.Debug|Any CPU.ActiveCfg = Debug|Any CPU
		{1C9492AD-94D3-4E42-83D6-A7861F43FC1B}.Debug|Any CPU.Build.0 = Debug|Any CPU
		{1C9492AD-94D3-4E42-83D6-A7861F43FC1B}.Release|Any CPU.ActiveCfg = Release|Any CPU
		{1C9492AD-94D3-4E42-83D6-A7861F43FC1B}.Release|Any CPU.Build.0 = Release|Any CPU
		{97E9BFEC-8AED-441A-9028-C5F510522CD9}.Debug|Any CPU.ActiveCfg = Debug|Any CPU
		{97E9BFEC-8AED-441A-9028-C5F510522CD9}.Debug|Any CPU.Build.0 = Debug|Any CPU
		{97E9BFEC-8AED-441A-9028-C5F510522CD9}.Release|Any CPU.ActiveCfg = Release|Any CPU
		{97E9BFEC-8AED-441A-9028-C5F510522CD9}.Release|Any CPU.Build.0 = Release|Any CPU
	EndGlobalSection
	GlobalSection(SolutionProperties) = preSolution
		HideSolutionNode = FALSE
	EndGlobalSection
EndGlobal
