
Microsoft Visual Studio Solution File, Format Version 10.00
# Visual Studio 2008
Project("{FAE04EC0-301F-11D3-BF4B-00C04F79EFBC}") = "XNAWinForms", "XNAWinForms\XNAWinForms.csproj", "{7A9DE9DE-2D97-4AAA-BC2A-893366AAC328}"
EndProject
Project("{FAE04EC0-301F-11D3-BF4B-00C04F79EFBC}") = "SimsLib", "..\SimsLib\SimsLib\SimsLib.csproj", "{18583453-A970-4AC5-83B1-2D6BFDF94C24}"
EndProject
Global
	GlobalSection(SolutionConfigurationPlatforms) = preSolution
		Debug|Any CPU = Debug|Any CPU
		Debug|x86 = Debug|x86
		Release|Any CPU = Release|Any CPU
		Release|x86 = Release|x86
	EndGlobalSection
	GlobalSection(ProjectConfigurationPlatforms) = postSolution
		{7A9DE9DE-2D97-4AAA-BC2A-893366AAC328}.Debug|Any CPU.ActiveCfg = Debug|Any CPU
		{7A9DE9DE-2D97-4AAA-BC2A-893366AAC328}.Debug|Any CPU.Build.0 = Debug|Any CPU
		{7A9DE9DE-2D97-4AAA-BC2A-893366AAC328}.Debug|x86.ActiveCfg = Debug|x86
		{7A9DE9DE-2D97-4AAA-BC2A-893366AAC328}.Debug|x86.Build.0 = Debug|x86
		{7A9DE9DE-2D97-4AAA-BC2A-893366AAC328}.Release|Any CPU.ActiveCfg = Release|Any CPU
		{7A9DE9DE-2D97-4AAA-BC2A-893366AAC328}.Release|Any CPU.Build.0 = Release|Any CPU
		{7A9DE9DE-2D97-4AAA-BC2A-893366AAC328}.Release|x86.ActiveCfg = Release|x86
		{7A9DE9DE-2D97-4AAA-BC2A-893366AAC328}.Release|x86.Build.0 = Release|x86
		{18583453-A970-4AC5-83B1-2D6BFDF94C24}.Debug|Any CPU.ActiveCfg = Debug|Any CPU
		{18583453-A970-4AC5-83B1-2D6BFDF94C24}.Debug|Any CPU.Build.0 = Debug|Any CPU
		{18583453-A970-4AC5-83B1-2D6BFDF94C24}.Debug|x86.ActiveCfg = Debug|Any CPU
		{18583453-A970-4AC5-83B1-2D6BFDF94C24}.Release|Any CPU.ActiveCfg = Release|Any CPU
		{18583453-A970-4AC5-83B1-2D6BFDF94C24}.Release|Any CPU.Build.0 = Release|Any CPU
		{18583453-A970-4AC5-83B1-2D6BFDF94C24}.Release|x86.ActiveCfg = Release|Any CPU
	EndGlobalSection
	GlobalSection(SolutionProperties) = preSolution
		HideSolutionNode = FALSE
	EndGlobalSection
EndGlobal
