
Microsoft Visual Studio Solution File, Format Version 12.00
# Visual Studio 14
VisualStudioVersion = 14.0.23107.0
MinimumVisualStudioVersion = 10.0.40219.1
Project("{FAE04EC0-301F-11D3-BF4B-00C04F79EFBC}") = "FSO.Client", "tso.client\FSO.Client.csproj", "{635E68FA-3905-4943-B4F5-D463A8C02E87}"
EndProject
Project("{FAE04EC0-301F-11D3-BF4B-00C04F79EFBC}") = "FSO.Common", "tso.common\FSO.Common.csproj", "{C42962A1-8796-4F47-9DCD-79ED5904D8CA}"
EndProject
Project("{FAE04EC0-301F-11D3-BF4B-00C04F79EFBC}") = "FSO.Content", "tso.content\FSO.Content.csproj", "{C0068DF7-F2E8-4399-846D-556BF9A35C00}"
EndProject
Project("{FAE04EC0-301F-11D3-BF4B-00C04F79EFBC}") = "FSO.Debug", "tso.debug\FSO.Debug.csproj", "{43FBD6A2-4C4D-479C-A1A8-ED4CB591BDE4}"
EndProject
Project("{FAE04EC0-301F-11D3-BF4B-00C04F79EFBC}") = "FSO.Files", "tso.files\FSO.Files.csproj", "{18583453-A970-4AC5-83B1-2D6BFDF94C24}"
EndProject
Project("{FAE04EC0-301F-11D3-BF4B-00C04F79EFBC}") = "FSO.SimAntics", "tso.simantics\FSO.SimAntics.csproj", "{5EDDEFD2-C850-49C1-812D-DDEFF09125EF}"
EndProject
Project("{FAE04EC0-301F-11D3-BF4B-00C04F79EFBC}") = "FSO.HIT", "tso.sound\FSO.HIT.csproj", "{072781D8-51EC-4143-9CAE-DAF50177D3AD}"
EndProject
Project("{FAE04EC0-301F-11D3-BF4B-00C04F79EFBC}") = "FSO.Vitaboy.Engine", "tso.vitaboy.engine\FSO.Vitaboy.Engine.csproj", "{FD7957F7-A1E0-4D00-8F6C-3FA555EAA163}"
EndProject
Project("{FAE04EC0-301F-11D3-BF4B-00C04F79EFBC}") = "FSO.Vitaboy", "tso.vitaboy.model\FSO.Vitaboy.csproj", "{9D9558A9-755E-43F9-8BB6-B26F365F5042}"
EndProject
Project("{FAE04EC0-301F-11D3-BF4B-00C04F79EFBC}") = "GonzoNet", "..\Other\libs\GonzoNet\GonzoNet\Project Files\VS2k8\GonzoNet.csproj", "{25A5DA9E-88E8-4BC2-AE80-45935276790E}"
EndProject
Project("{FAE04EC0-301F-11D3-BF4B-00C04F79EFBC}") = "ProtocolAbstractionLibraryD", "..\Other\libs\ProtocolAbstractionLibraryD\Project Files\VS2k8\ProtocolAbstractionLibraryD\ProtocolAbstractionLibraryD.csproj", "{07F742C5-C66A-4D1E-A761-458E08D4E302}"
EndProject
Project("{FAE04EC0-301F-11D3-BF4B-00C04F79EFBC}") = "FSO.LotView", "tso.world\FSO.LotView.csproj", "{B1A6E4C2-E080-4C34-A604-D11B5296A9B8}"
EndProject
Project("{FAE04EC0-301F-11D3-BF4B-00C04F79EFBC}") = "TargaImage", "..\Other\libs\TargaImage\TargaImage.csproj", "{56F4BD87-2404-4263-80D5-6FA2161EB0A4}"
EndProject
Project("{FAE04EC0-301F-11D3-BF4B-00C04F79EFBC}") = "FSO.IDE", "FSO.IDE\FSO.IDE.csproj", "{5DEB20EB-1EB7-48F9-922C-463ABAE56E63}"
EndProject
Project("{FAE04EC0-301F-11D3-BF4B-00C04F79EFBC}") = "MonoGame.Framework.WindowsGL", "..\Other\libs\FSOMonoGame\MonoGame.Framework\MonoGame.Framework.WindowsGL.csproj", "{6D75E618-19CA-4C51-9546-F10965FBC0B8}"
EndProject
Global
	GlobalSection(SolutionConfigurationPlatforms) = preSolution
		Android|Any CPU = Android|Any CPU
		Android|Mixed Platforms = Android|Mixed Platforms
		Android|x86 = Android|x86
		Debug|Any CPU = Debug|Any CPU
		Debug|Mixed Platforms = Debug|Mixed Platforms
		Debug|x86 = Debug|x86
		DesktopGL|Any CPU = DesktopGL|Any CPU
		DesktopGL|Mixed Platforms = DesktopGL|Mixed Platforms
		DesktopGL|x86 = DesktopGL|x86
		iOS|Any CPU = iOS|Any CPU
		iOS|Mixed Platforms = iOS|Mixed Platforms
		iOS|x86 = iOS|x86
		Linux|Any CPU = Linux|Any CPU
		Linux|Mixed Platforms = Linux|Mixed Platforms
		Linux|x86 = Linux|x86
		OSX|Any CPU = OSX|Any CPU
		OSX|Mixed Platforms = OSX|Mixed Platforms
		OSX|x86 = OSX|x86
		PSM|Any CPU = PSM|Any CPU
		PSM|Mixed Platforms = PSM|Mixed Platforms
		PSM|x86 = PSM|x86
		Release|Any CPU = Release|Any CPU
		Release|Mixed Platforms = Release|Mixed Platforms
		Release|x86 = Release|x86
		Windows|Any CPU = Windows|Any CPU
		Windows|Mixed Platforms = Windows|Mixed Platforms
		Windows|x86 = Windows|x86
		Windows8|Any CPU = Windows8|Any CPU
		Windows8|Mixed Platforms = Windows8|Mixed Platforms
		Windows8|x86 = Windows8|x86
	EndGlobalSection
	GlobalSection(ProjectConfigurationPlatforms) = postSolution
		{635E68FA-3905-4943-B4F5-D463A8C02E87}.Android|Any CPU.ActiveCfg = Release|x86
		{635E68FA-3905-4943-B4F5-D463A8C02E87}.Android|Mixed Platforms.ActiveCfg = Release|x86
		{635E68FA-3905-4943-B4F5-D463A8C02E87}.Android|Mixed Platforms.Build.0 = Release|x86
		{635E68FA-3905-4943-B4F5-D463A8C02E87}.Android|x86.ActiveCfg = Release|x86
		{635E68FA-3905-4943-B4F5-D463A8C02E87}.Android|x86.Build.0 = Release|x86
		{635E68FA-3905-4943-B4F5-D463A8C02E87}.Debug|Any CPU.ActiveCfg = Debug|x86
		{635E68FA-3905-4943-B4F5-D463A8C02E87}.Debug|Mixed Platforms.ActiveCfg = Debug|x86
		{635E68FA-3905-4943-B4F5-D463A8C02E87}.Debug|Mixed Platforms.Build.0 = Debug|x86
		{635E68FA-3905-4943-B4F5-D463A8C02E87}.Debug|x86.ActiveCfg = Debug|x86
		{635E68FA-3905-4943-B4F5-D463A8C02E87}.Debug|x86.Build.0 = Debug|x86
		{635E68FA-3905-4943-B4F5-D463A8C02E87}.DesktopGL|Any CPU.ActiveCfg = Debug|x86
		{635E68FA-3905-4943-B4F5-D463A8C02E87}.DesktopGL|Any CPU.Build.0 = Debug|x86
		{635E68FA-3905-4943-B4F5-D463A8C02E87}.DesktopGL|Mixed Platforms.ActiveCfg = Debug|x86
		{635E68FA-3905-4943-B4F5-D463A8C02E87}.DesktopGL|Mixed Platforms.Build.0 = Debug|x86
		{635E68FA-3905-4943-B4F5-D463A8C02E87}.DesktopGL|x86.ActiveCfg = Debug|x86
		{635E68FA-3905-4943-B4F5-D463A8C02E87}.DesktopGL|x86.Build.0 = Debug|x86
		{635E68FA-3905-4943-B4F5-D463A8C02E87}.iOS|Any CPU.ActiveCfg = Release|x86
		{635E68FA-3905-4943-B4F5-D463A8C02E87}.iOS|Mixed Platforms.ActiveCfg = Release|x86
		{635E68FA-3905-4943-B4F5-D463A8C02E87}.iOS|Mixed Platforms.Build.0 = Release|x86
		{635E68FA-3905-4943-B4F5-D463A8C02E87}.iOS|x86.ActiveCfg = Release|x86
		{635E68FA-3905-4943-B4F5-D463A8C02E87}.iOS|x86.Build.0 = Release|x86
		{635E68FA-3905-4943-B4F5-D463A8C02E87}.Linux|Any CPU.ActiveCfg = Release|x86
		{635E68FA-3905-4943-B4F5-D463A8C02E87}.Linux|Mixed Platforms.ActiveCfg = Release|x86
		{635E68FA-3905-4943-B4F5-D463A8C02E87}.Linux|Mixed Platforms.Build.0 = Release|x86
		{635E68FA-3905-4943-B4F5-D463A8C02E87}.Linux|x86.ActiveCfg = Release|x86
		{635E68FA-3905-4943-B4F5-D463A8C02E87}.Linux|x86.Build.0 = Release|x86
		{635E68FA-3905-4943-B4F5-D463A8C02E87}.OSX|Any CPU.ActiveCfg = Release|x86
		{635E68FA-3905-4943-B4F5-D463A8C02E87}.OSX|Mixed Platforms.ActiveCfg = Release|x86
		{635E68FA-3905-4943-B4F5-D463A8C02E87}.OSX|Mixed Platforms.Build.0 = Release|x86
		{635E68FA-3905-4943-B4F5-D463A8C02E87}.OSX|x86.ActiveCfg = Release|x86
		{635E68FA-3905-4943-B4F5-D463A8C02E87}.OSX|x86.Build.0 = Release|x86
		{635E68FA-3905-4943-B4F5-D463A8C02E87}.PSM|Any CPU.ActiveCfg = Release|x86
		{635E68FA-3905-4943-B4F5-D463A8C02E87}.PSM|Mixed Platforms.ActiveCfg = Release|x86
		{635E68FA-3905-4943-B4F5-D463A8C02E87}.PSM|Mixed Platforms.Build.0 = Release|x86
		{635E68FA-3905-4943-B4F5-D463A8C02E87}.PSM|x86.ActiveCfg = Release|x86
		{635E68FA-3905-4943-B4F5-D463A8C02E87}.PSM|x86.Build.0 = Release|x86
		{635E68FA-3905-4943-B4F5-D463A8C02E87}.Release|Any CPU.ActiveCfg = Release|x86
		{635E68FA-3905-4943-B4F5-D463A8C02E87}.Release|Mixed Platforms.ActiveCfg = Release|x86
		{635E68FA-3905-4943-B4F5-D463A8C02E87}.Release|Mixed Platforms.Build.0 = Release|x86
		{635E68FA-3905-4943-B4F5-D463A8C02E87}.Release|x86.ActiveCfg = Release|x86
		{635E68FA-3905-4943-B4F5-D463A8C02E87}.Release|x86.Build.0 = Release|x86
		{635E68FA-3905-4943-B4F5-D463A8C02E87}.Windows|Any CPU.ActiveCfg = Release|x86
		{635E68FA-3905-4943-B4F5-D463A8C02E87}.Windows|Mixed Platforms.ActiveCfg = Release|x86
		{635E68FA-3905-4943-B4F5-D463A8C02E87}.Windows|Mixed Platforms.Build.0 = Release|x86
		{635E68FA-3905-4943-B4F5-D463A8C02E87}.Windows|x86.ActiveCfg = Release|x86
		{635E68FA-3905-4943-B4F5-D463A8C02E87}.Windows|x86.Build.0 = Release|x86
		{635E68FA-3905-4943-B4F5-D463A8C02E87}.Windows8|Any CPU.ActiveCfg = Release|x86
		{635E68FA-3905-4943-B4F5-D463A8C02E87}.Windows8|Mixed Platforms.ActiveCfg = Release|x86
		{635E68FA-3905-4943-B4F5-D463A8C02E87}.Windows8|Mixed Platforms.Build.0 = Release|x86
		{635E68FA-3905-4943-B4F5-D463A8C02E87}.Windows8|x86.ActiveCfg = Release|x86
		{635E68FA-3905-4943-B4F5-D463A8C02E87}.Windows8|x86.Build.0 = Release|x86
		{C42962A1-8796-4F47-9DCD-79ED5904D8CA}.Android|Any CPU.ActiveCfg = Release|Any CPU
		{C42962A1-8796-4F47-9DCD-79ED5904D8CA}.Android|Any CPU.Build.0 = Release|Any CPU
		{C42962A1-8796-4F47-9DCD-79ED5904D8CA}.Android|Mixed Platforms.ActiveCfg = Release|Any CPU
		{C42962A1-8796-4F47-9DCD-79ED5904D8CA}.Android|Mixed Platforms.Build.0 = Release|Any CPU
		{C42962A1-8796-4F47-9DCD-79ED5904D8CA}.Android|x86.ActiveCfg = Release|Any CPU
		{C42962A1-8796-4F47-9DCD-79ED5904D8CA}.Debug|Any CPU.ActiveCfg = Debug|Any CPU
		{C42962A1-8796-4F47-9DCD-79ED5904D8CA}.Debug|Any CPU.Build.0 = Debug|Any CPU
		{C42962A1-8796-4F47-9DCD-79ED5904D8CA}.Debug|Mixed Platforms.ActiveCfg = Debug|Any CPU
		{C42962A1-8796-4F47-9DCD-79ED5904D8CA}.Debug|Mixed Platforms.Build.0 = Debug|Any CPU
		{C42962A1-8796-4F47-9DCD-79ED5904D8CA}.Debug|x86.ActiveCfg = Debug|Any CPU
		{C42962A1-8796-4F47-9DCD-79ED5904D8CA}.DesktopGL|Any CPU.ActiveCfg = Debug|Any CPU
		{C42962A1-8796-4F47-9DCD-79ED5904D8CA}.DesktopGL|Any CPU.Build.0 = Debug|Any CPU
		{C42962A1-8796-4F47-9DCD-79ED5904D8CA}.DesktopGL|Mixed Platforms.ActiveCfg = Debug|Any CPU
		{C42962A1-8796-4F47-9DCD-79ED5904D8CA}.DesktopGL|Mixed Platforms.Build.0 = Debug|Any CPU
		{C42962A1-8796-4F47-9DCD-79ED5904D8CA}.DesktopGL|x86.ActiveCfg = Debug|Any CPU
		{C42962A1-8796-4F47-9DCD-79ED5904D8CA}.DesktopGL|x86.Build.0 = Debug|Any CPU
		{C42962A1-8796-4F47-9DCD-79ED5904D8CA}.iOS|Any CPU.ActiveCfg = Release|Any CPU
		{C42962A1-8796-4F47-9DCD-79ED5904D8CA}.iOS|Any CPU.Build.0 = Release|Any CPU
		{C42962A1-8796-4F47-9DCD-79ED5904D8CA}.iOS|Mixed Platforms.ActiveCfg = Release|Any CPU
		{C42962A1-8796-4F47-9DCD-79ED5904D8CA}.iOS|Mixed Platforms.Build.0 = Release|Any CPU
		{C42962A1-8796-4F47-9DCD-79ED5904D8CA}.iOS|x86.ActiveCfg = Release|Any CPU
		{C42962A1-8796-4F47-9DCD-79ED5904D8CA}.Linux|Any CPU.ActiveCfg = Release|Any CPU
		{C42962A1-8796-4F47-9DCD-79ED5904D8CA}.Linux|Any CPU.Build.0 = Release|Any CPU
		{C42962A1-8796-4F47-9DCD-79ED5904D8CA}.Linux|Mixed Platforms.ActiveCfg = Release|Any CPU
		{C42962A1-8796-4F47-9DCD-79ED5904D8CA}.Linux|Mixed Platforms.Build.0 = Release|Any CPU
		{C42962A1-8796-4F47-9DCD-79ED5904D8CA}.Linux|x86.ActiveCfg = Release|Any CPU
		{C42962A1-8796-4F47-9DCD-79ED5904D8CA}.OSX|Any CPU.ActiveCfg = Release|Any CPU
		{C42962A1-8796-4F47-9DCD-79ED5904D8CA}.OSX|Any CPU.Build.0 = Release|Any CPU
		{C42962A1-8796-4F47-9DCD-79ED5904D8CA}.OSX|Mixed Platforms.ActiveCfg = Release|Any CPU
		{C42962A1-8796-4F47-9DCD-79ED5904D8CA}.OSX|Mixed Platforms.Build.0 = Release|Any CPU
		{C42962A1-8796-4F47-9DCD-79ED5904D8CA}.OSX|x86.ActiveCfg = Release|Any CPU
		{C42962A1-8796-4F47-9DCD-79ED5904D8CA}.PSM|Any CPU.ActiveCfg = Release|Any CPU
		{C42962A1-8796-4F47-9DCD-79ED5904D8CA}.PSM|Any CPU.Build.0 = Release|Any CPU
		{C42962A1-8796-4F47-9DCD-79ED5904D8CA}.PSM|Mixed Platforms.ActiveCfg = Release|Any CPU
		{C42962A1-8796-4F47-9DCD-79ED5904D8CA}.PSM|Mixed Platforms.Build.0 = Release|Any CPU
		{C42962A1-8796-4F47-9DCD-79ED5904D8CA}.PSM|x86.ActiveCfg = Release|Any CPU
		{C42962A1-8796-4F47-9DCD-79ED5904D8CA}.Release|Any CPU.ActiveCfg = Release|Any CPU
		{C42962A1-8796-4F47-9DCD-79ED5904D8CA}.Release|Any CPU.Build.0 = Release|Any CPU
		{C42962A1-8796-4F47-9DCD-79ED5904D8CA}.Release|Mixed Platforms.ActiveCfg = Release|Any CPU
		{C42962A1-8796-4F47-9DCD-79ED5904D8CA}.Release|Mixed Platforms.Build.0 = Release|Any CPU
		{C42962A1-8796-4F47-9DCD-79ED5904D8CA}.Release|x86.ActiveCfg = Release|Any CPU
		{C42962A1-8796-4F47-9DCD-79ED5904D8CA}.Windows|Any CPU.ActiveCfg = Release|Any CPU
		{C42962A1-8796-4F47-9DCD-79ED5904D8CA}.Windows|Any CPU.Build.0 = Release|Any CPU
		{C42962A1-8796-4F47-9DCD-79ED5904D8CA}.Windows|Mixed Platforms.ActiveCfg = Release|Any CPU
		{C42962A1-8796-4F47-9DCD-79ED5904D8CA}.Windows|Mixed Platforms.Build.0 = Release|Any CPU
		{C42962A1-8796-4F47-9DCD-79ED5904D8CA}.Windows|x86.ActiveCfg = Release|Any CPU
		{C42962A1-8796-4F47-9DCD-79ED5904D8CA}.Windows8|Any CPU.ActiveCfg = Release|Any CPU
		{C42962A1-8796-4F47-9DCD-79ED5904D8CA}.Windows8|Any CPU.Build.0 = Release|Any CPU
		{C42962A1-8796-4F47-9DCD-79ED5904D8CA}.Windows8|Mixed Platforms.ActiveCfg = Release|Any CPU
		{C42962A1-8796-4F47-9DCD-79ED5904D8CA}.Windows8|Mixed Platforms.Build.0 = Release|Any CPU
		{C42962A1-8796-4F47-9DCD-79ED5904D8CA}.Windows8|x86.ActiveCfg = Release|Any CPU
		{C0068DF7-F2E8-4399-846D-556BF9A35C00}.Android|Any CPU.ActiveCfg = Release|Any CPU
		{C0068DF7-F2E8-4399-846D-556BF9A35C00}.Android|Any CPU.Build.0 = Release|Any CPU
		{C0068DF7-F2E8-4399-846D-556BF9A35C00}.Android|Mixed Platforms.ActiveCfg = Release|Any CPU
		{C0068DF7-F2E8-4399-846D-556BF9A35C00}.Android|Mixed Platforms.Build.0 = Release|Any CPU
		{C0068DF7-F2E8-4399-846D-556BF9A35C00}.Android|x86.ActiveCfg = Release|Any CPU
		{C0068DF7-F2E8-4399-846D-556BF9A35C00}.Debug|Any CPU.ActiveCfg = Debug|Any CPU
		{C0068DF7-F2E8-4399-846D-556BF9A35C00}.Debug|Any CPU.Build.0 = Debug|Any CPU
		{C0068DF7-F2E8-4399-846D-556BF9A35C00}.Debug|Mixed Platforms.ActiveCfg = Debug|Any CPU
		{C0068DF7-F2E8-4399-846D-556BF9A35C00}.Debug|Mixed Platforms.Build.0 = Debug|Any CPU
		{C0068DF7-F2E8-4399-846D-556BF9A35C00}.Debug|x86.ActiveCfg = Debug|Any CPU
		{C0068DF7-F2E8-4399-846D-556BF9A35C00}.DesktopGL|Any CPU.ActiveCfg = Debug|Any CPU
		{C0068DF7-F2E8-4399-846D-556BF9A35C00}.DesktopGL|Any CPU.Build.0 = Debug|Any CPU
		{C0068DF7-F2E8-4399-846D-556BF9A35C00}.DesktopGL|Mixed Platforms.ActiveCfg = Debug|Any CPU
		{C0068DF7-F2E8-4399-846D-556BF9A35C00}.DesktopGL|Mixed Platforms.Build.0 = Debug|Any CPU
		{C0068DF7-F2E8-4399-846D-556BF9A35C00}.DesktopGL|x86.ActiveCfg = Debug|Any CPU
		{C0068DF7-F2E8-4399-846D-556BF9A35C00}.DesktopGL|x86.Build.0 = Debug|Any CPU
		{C0068DF7-F2E8-4399-846D-556BF9A35C00}.iOS|Any CPU.ActiveCfg = Release|Any CPU
		{C0068DF7-F2E8-4399-846D-556BF9A35C00}.iOS|Any CPU.Build.0 = Release|Any CPU
		{C0068DF7-F2E8-4399-846D-556BF9A35C00}.iOS|Mixed Platforms.ActiveCfg = Release|Any CPU
		{C0068DF7-F2E8-4399-846D-556BF9A35C00}.iOS|Mixed Platforms.Build.0 = Release|Any CPU
		{C0068DF7-F2E8-4399-846D-556BF9A35C00}.iOS|x86.ActiveCfg = Release|Any CPU
		{C0068DF7-F2E8-4399-846D-556BF9A35C00}.Linux|Any CPU.ActiveCfg = Release|Any CPU
		{C0068DF7-F2E8-4399-846D-556BF9A35C00}.Linux|Any CPU.Build.0 = Release|Any CPU
		{C0068DF7-F2E8-4399-846D-556BF9A35C00}.Linux|Mixed Platforms.ActiveCfg = Release|Any CPU
		{C0068DF7-F2E8-4399-846D-556BF9A35C00}.Linux|Mixed Platforms.Build.0 = Release|Any CPU
		{C0068DF7-F2E8-4399-846D-556BF9A35C00}.Linux|x86.ActiveCfg = Release|Any CPU
		{C0068DF7-F2E8-4399-846D-556BF9A35C00}.OSX|Any CPU.ActiveCfg = Release|Any CPU
		{C0068DF7-F2E8-4399-846D-556BF9A35C00}.OSX|Any CPU.Build.0 = Release|Any CPU
		{C0068DF7-F2E8-4399-846D-556BF9A35C00}.OSX|Mixed Platforms.ActiveCfg = Release|Any CPU
		{C0068DF7-F2E8-4399-846D-556BF9A35C00}.OSX|Mixed Platforms.Build.0 = Release|Any CPU
		{C0068DF7-F2E8-4399-846D-556BF9A35C00}.OSX|x86.ActiveCfg = Release|Any CPU
		{C0068DF7-F2E8-4399-846D-556BF9A35C00}.PSM|Any CPU.ActiveCfg = Release|Any CPU
		{C0068DF7-F2E8-4399-846D-556BF9A35C00}.PSM|Any CPU.Build.0 = Release|Any CPU
		{C0068DF7-F2E8-4399-846D-556BF9A35C00}.PSM|Mixed Platforms.ActiveCfg = Release|Any CPU
		{C0068DF7-F2E8-4399-846D-556BF9A35C00}.PSM|Mixed Platforms.Build.0 = Release|Any CPU
		{C0068DF7-F2E8-4399-846D-556BF9A35C00}.PSM|x86.ActiveCfg = Release|Any CPU
		{C0068DF7-F2E8-4399-846D-556BF9A35C00}.Release|Any CPU.ActiveCfg = Release|Any CPU
		{C0068DF7-F2E8-4399-846D-556BF9A35C00}.Release|Any CPU.Build.0 = Release|Any CPU
		{C0068DF7-F2E8-4399-846D-556BF9A35C00}.Release|Mixed Platforms.ActiveCfg = Release|Any CPU
		{C0068DF7-F2E8-4399-846D-556BF9A35C00}.Release|Mixed Platforms.Build.0 = Release|Any CPU
		{C0068DF7-F2E8-4399-846D-556BF9A35C00}.Release|x86.ActiveCfg = Release|Any CPU
		{C0068DF7-F2E8-4399-846D-556BF9A35C00}.Windows|Any CPU.ActiveCfg = Release|Any CPU
		{C0068DF7-F2E8-4399-846D-556BF9A35C00}.Windows|Any CPU.Build.0 = Release|Any CPU
		{C0068DF7-F2E8-4399-846D-556BF9A35C00}.Windows|Mixed Platforms.ActiveCfg = Release|Any CPU
		{C0068DF7-F2E8-4399-846D-556BF9A35C00}.Windows|Mixed Platforms.Build.0 = Release|Any CPU
		{C0068DF7-F2E8-4399-846D-556BF9A35C00}.Windows|x86.ActiveCfg = Release|Any CPU
		{C0068DF7-F2E8-4399-846D-556BF9A35C00}.Windows8|Any CPU.ActiveCfg = Release|Any CPU
		{C0068DF7-F2E8-4399-846D-556BF9A35C00}.Windows8|Any CPU.Build.0 = Release|Any CPU
		{C0068DF7-F2E8-4399-846D-556BF9A35C00}.Windows8|Mixed Platforms.ActiveCfg = Release|Any CPU
		{C0068DF7-F2E8-4399-846D-556BF9A35C00}.Windows8|Mixed Platforms.Build.0 = Release|Any CPU
		{C0068DF7-F2E8-4399-846D-556BF9A35C00}.Windows8|x86.ActiveCfg = Release|Any CPU
		{43FBD6A2-4C4D-479C-A1A8-ED4CB591BDE4}.Android|Any CPU.ActiveCfg = Release|Any CPU
		{43FBD6A2-4C4D-479C-A1A8-ED4CB591BDE4}.Android|Any CPU.Build.0 = Release|Any CPU
		{43FBD6A2-4C4D-479C-A1A8-ED4CB591BDE4}.Android|Mixed Platforms.ActiveCfg = Release|Any CPU
		{43FBD6A2-4C4D-479C-A1A8-ED4CB591BDE4}.Android|Mixed Platforms.Build.0 = Release|Any CPU
		{43FBD6A2-4C4D-479C-A1A8-ED4CB591BDE4}.Android|x86.ActiveCfg = Release|Any CPU
		{43FBD6A2-4C4D-479C-A1A8-ED4CB591BDE4}.Debug|Any CPU.ActiveCfg = Debug|Any CPU
		{43FBD6A2-4C4D-479C-A1A8-ED4CB591BDE4}.Debug|Any CPU.Build.0 = Debug|Any CPU
		{43FBD6A2-4C4D-479C-A1A8-ED4CB591BDE4}.Debug|Mixed Platforms.ActiveCfg = Debug|Any CPU
		{43FBD6A2-4C4D-479C-A1A8-ED4CB591BDE4}.Debug|Mixed Platforms.Build.0 = Debug|Any CPU
		{43FBD6A2-4C4D-479C-A1A8-ED4CB591BDE4}.Debug|x86.ActiveCfg = Debug|Any CPU
		{43FBD6A2-4C4D-479C-A1A8-ED4CB591BDE4}.DesktopGL|Any CPU.ActiveCfg = Debug|Any CPU
		{43FBD6A2-4C4D-479C-A1A8-ED4CB591BDE4}.DesktopGL|Any CPU.Build.0 = Debug|Any CPU
		{43FBD6A2-4C4D-479C-A1A8-ED4CB591BDE4}.DesktopGL|Mixed Platforms.ActiveCfg = Debug|Any CPU
		{43FBD6A2-4C4D-479C-A1A8-ED4CB591BDE4}.DesktopGL|Mixed Platforms.Build.0 = Debug|Any CPU
		{43FBD6A2-4C4D-479C-A1A8-ED4CB591BDE4}.DesktopGL|x86.ActiveCfg = Debug|Any CPU
		{43FBD6A2-4C4D-479C-A1A8-ED4CB591BDE4}.DesktopGL|x86.Build.0 = Debug|Any CPU
		{43FBD6A2-4C4D-479C-A1A8-ED4CB591BDE4}.iOS|Any CPU.ActiveCfg = Release|Any CPU
		{43FBD6A2-4C4D-479C-A1A8-ED4CB591BDE4}.iOS|Any CPU.Build.0 = Release|Any CPU
		{43FBD6A2-4C4D-479C-A1A8-ED4CB591BDE4}.iOS|Mixed Platforms.ActiveCfg = Release|Any CPU
		{43FBD6A2-4C4D-479C-A1A8-ED4CB591BDE4}.iOS|Mixed Platforms.Build.0 = Release|Any CPU
		{43FBD6A2-4C4D-479C-A1A8-ED4CB591BDE4}.iOS|x86.ActiveCfg = Release|Any CPU
		{43FBD6A2-4C4D-479C-A1A8-ED4CB591BDE4}.Linux|Any CPU.ActiveCfg = Release|Any CPU
		{43FBD6A2-4C4D-479C-A1A8-ED4CB591BDE4}.Linux|Any CPU.Build.0 = Release|Any CPU
		{43FBD6A2-4C4D-479C-A1A8-ED4CB591BDE4}.Linux|Mixed Platforms.ActiveCfg = Release|Any CPU
		{43FBD6A2-4C4D-479C-A1A8-ED4CB591BDE4}.Linux|Mixed Platforms.Build.0 = Release|Any CPU
		{43FBD6A2-4C4D-479C-A1A8-ED4CB591BDE4}.Linux|x86.ActiveCfg = Release|Any CPU
		{43FBD6A2-4C4D-479C-A1A8-ED4CB591BDE4}.OSX|Any CPU.ActiveCfg = Release|Any CPU
		{43FBD6A2-4C4D-479C-A1A8-ED4CB591BDE4}.OSX|Any CPU.Build.0 = Release|Any CPU
		{43FBD6A2-4C4D-479C-A1A8-ED4CB591BDE4}.OSX|Mixed Platforms.ActiveCfg = Release|Any CPU
		{43FBD6A2-4C4D-479C-A1A8-ED4CB591BDE4}.OSX|Mixed Platforms.Build.0 = Release|Any CPU
		{43FBD6A2-4C4D-479C-A1A8-ED4CB591BDE4}.OSX|x86.ActiveCfg = Release|Any CPU
		{43FBD6A2-4C4D-479C-A1A8-ED4CB591BDE4}.PSM|Any CPU.ActiveCfg = Release|Any CPU
		{43FBD6A2-4C4D-479C-A1A8-ED4CB591BDE4}.PSM|Any CPU.Build.0 = Release|Any CPU
		{43FBD6A2-4C4D-479C-A1A8-ED4CB591BDE4}.PSM|Mixed Platforms.ActiveCfg = Release|Any CPU
		{43FBD6A2-4C4D-479C-A1A8-ED4CB591BDE4}.PSM|Mixed Platforms.Build.0 = Release|Any CPU
		{43FBD6A2-4C4D-479C-A1A8-ED4CB591BDE4}.PSM|x86.ActiveCfg = Release|Any CPU
		{43FBD6A2-4C4D-479C-A1A8-ED4CB591BDE4}.Release|Any CPU.ActiveCfg = Release|Any CPU
		{43FBD6A2-4C4D-479C-A1A8-ED4CB591BDE4}.Release|Any CPU.Build.0 = Release|Any CPU
		{43FBD6A2-4C4D-479C-A1A8-ED4CB591BDE4}.Release|Mixed Platforms.ActiveCfg = Release|Any CPU
		{43FBD6A2-4C4D-479C-A1A8-ED4CB591BDE4}.Release|Mixed Platforms.Build.0 = Release|Any CPU
		{43FBD6A2-4C4D-479C-A1A8-ED4CB591BDE4}.Release|x86.ActiveCfg = Release|Any CPU
		{43FBD6A2-4C4D-479C-A1A8-ED4CB591BDE4}.Windows|Any CPU.ActiveCfg = Release|Any CPU
		{43FBD6A2-4C4D-479C-A1A8-ED4CB591BDE4}.Windows|Any CPU.Build.0 = Release|Any CPU
		{43FBD6A2-4C4D-479C-A1A8-ED4CB591BDE4}.Windows|Mixed Platforms.ActiveCfg = Release|Any CPU
		{43FBD6A2-4C4D-479C-A1A8-ED4CB591BDE4}.Windows|Mixed Platforms.Build.0 = Release|Any CPU
		{43FBD6A2-4C4D-479C-A1A8-ED4CB591BDE4}.Windows|x86.ActiveCfg = Release|Any CPU
		{43FBD6A2-4C4D-479C-A1A8-ED4CB591BDE4}.Windows8|Any CPU.ActiveCfg = Release|Any CPU
		{43FBD6A2-4C4D-479C-A1A8-ED4CB591BDE4}.Windows8|Any CPU.Build.0 = Release|Any CPU
		{43FBD6A2-4C4D-479C-A1A8-ED4CB591BDE4}.Windows8|Mixed Platforms.ActiveCfg = Release|Any CPU
		{43FBD6A2-4C4D-479C-A1A8-ED4CB591BDE4}.Windows8|Mixed Platforms.Build.0 = Release|Any CPU
		{43FBD6A2-4C4D-479C-A1A8-ED4CB591BDE4}.Windows8|x86.ActiveCfg = Release|Any CPU
		{18583453-A970-4AC5-83B1-2D6BFDF94C24}.Android|Any CPU.ActiveCfg = Release|Any CPU
		{18583453-A970-4AC5-83B1-2D6BFDF94C24}.Android|Any CPU.Build.0 = Release|Any CPU
		{18583453-A970-4AC5-83B1-2D6BFDF94C24}.Android|Mixed Platforms.ActiveCfg = Release|Any CPU
		{18583453-A970-4AC5-83B1-2D6BFDF94C24}.Android|Mixed Platforms.Build.0 = Release|Any CPU
		{18583453-A970-4AC5-83B1-2D6BFDF94C24}.Android|x86.ActiveCfg = Release|Any CPU
		{18583453-A970-4AC5-83B1-2D6BFDF94C24}.Debug|Any CPU.ActiveCfg = Debug|Any CPU
		{18583453-A970-4AC5-83B1-2D6BFDF94C24}.Debug|Any CPU.Build.0 = Debug|Any CPU
		{18583453-A970-4AC5-83B1-2D6BFDF94C24}.Debug|Mixed Platforms.ActiveCfg = Debug|Any CPU
		{18583453-A970-4AC5-83B1-2D6BFDF94C24}.Debug|Mixed Platforms.Build.0 = Debug|Any CPU
		{18583453-A970-4AC5-83B1-2D6BFDF94C24}.Debug|x86.ActiveCfg = Debug|Any CPU
		{18583453-A970-4AC5-83B1-2D6BFDF94C24}.DesktopGL|Any CPU.ActiveCfg = Debug|Any CPU
		{18583453-A970-4AC5-83B1-2D6BFDF94C24}.DesktopGL|Any CPU.Build.0 = Debug|Any CPU
		{18583453-A970-4AC5-83B1-2D6BFDF94C24}.DesktopGL|Mixed Platforms.ActiveCfg = Debug|Any CPU
		{18583453-A970-4AC5-83B1-2D6BFDF94C24}.DesktopGL|Mixed Platforms.Build.0 = Debug|Any CPU
		{18583453-A970-4AC5-83B1-2D6BFDF94C24}.DesktopGL|x86.ActiveCfg = Debug|Any CPU
		{18583453-A970-4AC5-83B1-2D6BFDF94C24}.DesktopGL|x86.Build.0 = Debug|Any CPU
		{18583453-A970-4AC5-83B1-2D6BFDF94C24}.iOS|Any CPU.ActiveCfg = Release|Any CPU
		{18583453-A970-4AC5-83B1-2D6BFDF94C24}.iOS|Any CPU.Build.0 = Release|Any CPU
		{18583453-A970-4AC5-83B1-2D6BFDF94C24}.iOS|Mixed Platforms.ActiveCfg = Release|Any CPU
		{18583453-A970-4AC5-83B1-2D6BFDF94C24}.iOS|Mixed Platforms.Build.0 = Release|Any CPU
		{18583453-A970-4AC5-83B1-2D6BFDF94C24}.iOS|x86.ActiveCfg = Release|Any CPU
		{18583453-A970-4AC5-83B1-2D6BFDF94C24}.Linux|Any CPU.ActiveCfg = Release|Any CPU
		{18583453-A970-4AC5-83B1-2D6BFDF94C24}.Linux|Any CPU.Build.0 = Release|Any CPU
		{18583453-A970-4AC5-83B1-2D6BFDF94C24}.Linux|Mixed Platforms.ActiveCfg = Release|Any CPU
		{18583453-A970-4AC5-83B1-2D6BFDF94C24}.Linux|Mixed Platforms.Build.0 = Release|Any CPU
		{18583453-A970-4AC5-83B1-2D6BFDF94C24}.Linux|x86.ActiveCfg = Release|Any CPU
		{18583453-A970-4AC5-83B1-2D6BFDF94C24}.OSX|Any CPU.ActiveCfg = Release|Any CPU
		{18583453-A970-4AC5-83B1-2D6BFDF94C24}.OSX|Any CPU.Build.0 = Release|Any CPU
		{18583453-A970-4AC5-83B1-2D6BFDF94C24}.OSX|Mixed Platforms.ActiveCfg = Release|Any CPU
		{18583453-A970-4AC5-83B1-2D6BFDF94C24}.OSX|Mixed Platforms.Build.0 = Release|Any CPU
		{18583453-A970-4AC5-83B1-2D6BFDF94C24}.OSX|x86.ActiveCfg = Release|Any CPU
		{18583453-A970-4AC5-83B1-2D6BFDF94C24}.PSM|Any CPU.ActiveCfg = Release|Any CPU
		{18583453-A970-4AC5-83B1-2D6BFDF94C24}.PSM|Any CPU.Build.0 = Release|Any CPU
		{18583453-A970-4AC5-83B1-2D6BFDF94C24}.PSM|Mixed Platforms.ActiveCfg = Release|Any CPU
		{18583453-A970-4AC5-83B1-2D6BFDF94C24}.PSM|Mixed Platforms.Build.0 = Release|Any CPU
		{18583453-A970-4AC5-83B1-2D6BFDF94C24}.PSM|x86.ActiveCfg = Release|Any CPU
		{18583453-A970-4AC5-83B1-2D6BFDF94C24}.Release|Any CPU.ActiveCfg = Release|Any CPU
		{18583453-A970-4AC5-83B1-2D6BFDF94C24}.Release|Any CPU.Build.0 = Release|Any CPU
		{18583453-A970-4AC5-83B1-2D6BFDF94C24}.Release|Mixed Platforms.ActiveCfg = Release|Any CPU
		{18583453-A970-4AC5-83B1-2D6BFDF94C24}.Release|Mixed Platforms.Build.0 = Release|Any CPU
		{18583453-A970-4AC5-83B1-2D6BFDF94C24}.Release|x86.ActiveCfg = Release|Any CPU
		{18583453-A970-4AC5-83B1-2D6BFDF94C24}.Windows|Any CPU.ActiveCfg = Release|Any CPU
		{18583453-A970-4AC5-83B1-2D6BFDF94C24}.Windows|Any CPU.Build.0 = Release|Any CPU
		{18583453-A970-4AC5-83B1-2D6BFDF94C24}.Windows|Mixed Platforms.ActiveCfg = Release|Any CPU
		{18583453-A970-4AC5-83B1-2D6BFDF94C24}.Windows|Mixed Platforms.Build.0 = Release|Any CPU
		{18583453-A970-4AC5-83B1-2D6BFDF94C24}.Windows|x86.ActiveCfg = Release|Any CPU
		{18583453-A970-4AC5-83B1-2D6BFDF94C24}.Windows8|Any CPU.ActiveCfg = Release|Any CPU
		{18583453-A970-4AC5-83B1-2D6BFDF94C24}.Windows8|Any CPU.Build.0 = Release|Any CPU
		{18583453-A970-4AC5-83B1-2D6BFDF94C24}.Windows8|Mixed Platforms.ActiveCfg = Release|Any CPU
		{18583453-A970-4AC5-83B1-2D6BFDF94C24}.Windows8|Mixed Platforms.Build.0 = Release|Any CPU
		{18583453-A970-4AC5-83B1-2D6BFDF94C24}.Windows8|x86.ActiveCfg = Release|Any CPU
		{5EDDEFD2-C850-49C1-812D-DDEFF09125EF}.Android|Any CPU.ActiveCfg = Release|Any CPU
		{5EDDEFD2-C850-49C1-812D-DDEFF09125EF}.Android|Any CPU.Build.0 = Release|Any CPU
		{5EDDEFD2-C850-49C1-812D-DDEFF09125EF}.Android|Mixed Platforms.ActiveCfg = Release|Any CPU
		{5EDDEFD2-C850-49C1-812D-DDEFF09125EF}.Android|Mixed Platforms.Build.0 = Release|Any CPU
		{5EDDEFD2-C850-49C1-812D-DDEFF09125EF}.Android|x86.ActiveCfg = Release|Any CPU
		{5EDDEFD2-C850-49C1-812D-DDEFF09125EF}.Debug|Any CPU.ActiveCfg = Debug|Any CPU
		{5EDDEFD2-C850-49C1-812D-DDEFF09125EF}.Debug|Any CPU.Build.0 = Debug|Any CPU
		{5EDDEFD2-C850-49C1-812D-DDEFF09125EF}.Debug|Mixed Platforms.ActiveCfg = Debug|Any CPU
		{5EDDEFD2-C850-49C1-812D-DDEFF09125EF}.Debug|Mixed Platforms.Build.0 = Debug|Any CPU
		{5EDDEFD2-C850-49C1-812D-DDEFF09125EF}.Debug|x86.ActiveCfg = Debug|Any CPU
		{5EDDEFD2-C850-49C1-812D-DDEFF09125EF}.DesktopGL|Any CPU.ActiveCfg = Debug|Any CPU
		{5EDDEFD2-C850-49C1-812D-DDEFF09125EF}.DesktopGL|Any CPU.Build.0 = Debug|Any CPU
		{5EDDEFD2-C850-49C1-812D-DDEFF09125EF}.DesktopGL|Mixed Platforms.ActiveCfg = Debug|Any CPU
		{5EDDEFD2-C850-49C1-812D-DDEFF09125EF}.DesktopGL|Mixed Platforms.Build.0 = Debug|Any CPU
		{5EDDEFD2-C850-49C1-812D-DDEFF09125EF}.DesktopGL|x86.ActiveCfg = Debug|Any CPU
		{5EDDEFD2-C850-49C1-812D-DDEFF09125EF}.DesktopGL|x86.Build.0 = Debug|Any CPU
		{5EDDEFD2-C850-49C1-812D-DDEFF09125EF}.iOS|Any CPU.ActiveCfg = Release|Any CPU
		{5EDDEFD2-C850-49C1-812D-DDEFF09125EF}.iOS|Any CPU.Build.0 = Release|Any CPU
		{5EDDEFD2-C850-49C1-812D-DDEFF09125EF}.iOS|Mixed Platforms.ActiveCfg = Release|Any CPU
		{5EDDEFD2-C850-49C1-812D-DDEFF09125EF}.iOS|Mixed Platforms.Build.0 = Release|Any CPU
		{5EDDEFD2-C850-49C1-812D-DDEFF09125EF}.iOS|x86.ActiveCfg = Release|Any CPU
		{5EDDEFD2-C850-49C1-812D-DDEFF09125EF}.Linux|Any CPU.ActiveCfg = Release|Any CPU
		{5EDDEFD2-C850-49C1-812D-DDEFF09125EF}.Linux|Any CPU.Build.0 = Release|Any CPU
		{5EDDEFD2-C850-49C1-812D-DDEFF09125EF}.Linux|Mixed Platforms.ActiveCfg = Release|Any CPU
		{5EDDEFD2-C850-49C1-812D-DDEFF09125EF}.Linux|Mixed Platforms.Build.0 = Release|Any CPU
		{5EDDEFD2-C850-49C1-812D-DDEFF09125EF}.Linux|x86.ActiveCfg = Release|Any CPU
		{5EDDEFD2-C850-49C1-812D-DDEFF09125EF}.OSX|Any CPU.ActiveCfg = Release|Any CPU
		{5EDDEFD2-C850-49C1-812D-DDEFF09125EF}.OSX|Any CPU.Build.0 = Release|Any CPU
		{5EDDEFD2-C850-49C1-812D-DDEFF09125EF}.OSX|Mixed Platforms.ActiveCfg = Release|Any CPU
		{5EDDEFD2-C850-49C1-812D-DDEFF09125EF}.OSX|Mixed Platforms.Build.0 = Release|Any CPU
		{5EDDEFD2-C850-49C1-812D-DDEFF09125EF}.OSX|x86.ActiveCfg = Release|Any CPU
		{5EDDEFD2-C850-49C1-812D-DDEFF09125EF}.PSM|Any CPU.ActiveCfg = Release|Any CPU
		{5EDDEFD2-C850-49C1-812D-DDEFF09125EF}.PSM|Any CPU.Build.0 = Release|Any CPU
		{5EDDEFD2-C850-49C1-812D-DDEFF09125EF}.PSM|Mixed Platforms.ActiveCfg = Release|Any CPU
		{5EDDEFD2-C850-49C1-812D-DDEFF09125EF}.PSM|Mixed Platforms.Build.0 = Release|Any CPU
		{5EDDEFD2-C850-49C1-812D-DDEFF09125EF}.PSM|x86.ActiveCfg = Release|Any CPU
		{5EDDEFD2-C850-49C1-812D-DDEFF09125EF}.Release|Any CPU.ActiveCfg = Release|Any CPU
		{5EDDEFD2-C850-49C1-812D-DDEFF09125EF}.Release|Any CPU.Build.0 = Release|Any CPU
		{5EDDEFD2-C850-49C1-812D-DDEFF09125EF}.Release|Mixed Platforms.ActiveCfg = Release|Any CPU
		{5EDDEFD2-C850-49C1-812D-DDEFF09125EF}.Release|Mixed Platforms.Build.0 = Release|Any CPU
		{5EDDEFD2-C850-49C1-812D-DDEFF09125EF}.Release|x86.ActiveCfg = Release|Any CPU
		{5EDDEFD2-C850-49C1-812D-DDEFF09125EF}.Windows|Any CPU.ActiveCfg = Release|Any CPU
		{5EDDEFD2-C850-49C1-812D-DDEFF09125EF}.Windows|Any CPU.Build.0 = Release|Any CPU
		{5EDDEFD2-C850-49C1-812D-DDEFF09125EF}.Windows|Mixed Platforms.ActiveCfg = Release|Any CPU
		{5EDDEFD2-C850-49C1-812D-DDEFF09125EF}.Windows|Mixed Platforms.Build.0 = Release|Any CPU
		{5EDDEFD2-C850-49C1-812D-DDEFF09125EF}.Windows|x86.ActiveCfg = Release|Any CPU
		{5EDDEFD2-C850-49C1-812D-DDEFF09125EF}.Windows8|Any CPU.ActiveCfg = Release|Any CPU
		{5EDDEFD2-C850-49C1-812D-DDEFF09125EF}.Windows8|Any CPU.Build.0 = Release|Any CPU
		{5EDDEFD2-C850-49C1-812D-DDEFF09125EF}.Windows8|Mixed Platforms.ActiveCfg = Release|Any CPU
		{5EDDEFD2-C850-49C1-812D-DDEFF09125EF}.Windows8|Mixed Platforms.Build.0 = Release|Any CPU
		{5EDDEFD2-C850-49C1-812D-DDEFF09125EF}.Windows8|x86.ActiveCfg = Release|Any CPU
		{072781D8-51EC-4143-9CAE-DAF50177D3AD}.Android|Any CPU.ActiveCfg = Release|Any CPU
		{072781D8-51EC-4143-9CAE-DAF50177D3AD}.Android|Any CPU.Build.0 = Release|Any CPU
		{072781D8-51EC-4143-9CAE-DAF50177D3AD}.Android|Mixed Platforms.ActiveCfg = Release|Any CPU
		{072781D8-51EC-4143-9CAE-DAF50177D3AD}.Android|Mixed Platforms.Build.0 = Release|Any CPU
		{072781D8-51EC-4143-9CAE-DAF50177D3AD}.Android|x86.ActiveCfg = Release|Any CPU
		{072781D8-51EC-4143-9CAE-DAF50177D3AD}.Debug|Any CPU.ActiveCfg = Debug|Any CPU
		{072781D8-51EC-4143-9CAE-DAF50177D3AD}.Debug|Any CPU.Build.0 = Debug|Any CPU
		{072781D8-51EC-4143-9CAE-DAF50177D3AD}.Debug|Mixed Platforms.ActiveCfg = Debug|Any CPU
		{072781D8-51EC-4143-9CAE-DAF50177D3AD}.Debug|Mixed Platforms.Build.0 = Debug|Any CPU
		{072781D8-51EC-4143-9CAE-DAF50177D3AD}.Debug|x86.ActiveCfg = Debug|Any CPU
		{072781D8-51EC-4143-9CAE-DAF50177D3AD}.DesktopGL|Any CPU.ActiveCfg = Debug|Any CPU
		{072781D8-51EC-4143-9CAE-DAF50177D3AD}.DesktopGL|Any CPU.Build.0 = Debug|Any CPU
		{072781D8-51EC-4143-9CAE-DAF50177D3AD}.DesktopGL|Mixed Platforms.ActiveCfg = Debug|Any CPU
		{072781D8-51EC-4143-9CAE-DAF50177D3AD}.DesktopGL|Mixed Platforms.Build.0 = Debug|Any CPU
		{072781D8-51EC-4143-9CAE-DAF50177D3AD}.DesktopGL|x86.ActiveCfg = Debug|Any CPU
		{072781D8-51EC-4143-9CAE-DAF50177D3AD}.DesktopGL|x86.Build.0 = Debug|Any CPU
		{072781D8-51EC-4143-9CAE-DAF50177D3AD}.iOS|Any CPU.ActiveCfg = Release|Any CPU
		{072781D8-51EC-4143-9CAE-DAF50177D3AD}.iOS|Any CPU.Build.0 = Release|Any CPU
		{072781D8-51EC-4143-9CAE-DAF50177D3AD}.iOS|Mixed Platforms.ActiveCfg = Release|Any CPU
		{072781D8-51EC-4143-9CAE-DAF50177D3AD}.iOS|Mixed Platforms.Build.0 = Release|Any CPU
		{072781D8-51EC-4143-9CAE-DAF50177D3AD}.iOS|x86.ActiveCfg = Release|Any CPU
		{072781D8-51EC-4143-9CAE-DAF50177D3AD}.Linux|Any CPU.ActiveCfg = Release|Any CPU
		{072781D8-51EC-4143-9CAE-DAF50177D3AD}.Linux|Any CPU.Build.0 = Release|Any CPU
		{072781D8-51EC-4143-9CAE-DAF50177D3AD}.Linux|Mixed Platforms.ActiveCfg = Release|Any CPU
		{072781D8-51EC-4143-9CAE-DAF50177D3AD}.Linux|Mixed Platforms.Build.0 = Release|Any CPU
		{072781D8-51EC-4143-9CAE-DAF50177D3AD}.Linux|x86.ActiveCfg = Release|Any CPU
		{072781D8-51EC-4143-9CAE-DAF50177D3AD}.OSX|Any CPU.ActiveCfg = Release|Any CPU
		{072781D8-51EC-4143-9CAE-DAF50177D3AD}.OSX|Any CPU.Build.0 = Release|Any CPU
		{072781D8-51EC-4143-9CAE-DAF50177D3AD}.OSX|Mixed Platforms.ActiveCfg = Release|Any CPU
		{072781D8-51EC-4143-9CAE-DAF50177D3AD}.OSX|Mixed Platforms.Build.0 = Release|Any CPU
		{072781D8-51EC-4143-9CAE-DAF50177D3AD}.OSX|x86.ActiveCfg = Release|Any CPU
		{072781D8-51EC-4143-9CAE-DAF50177D3AD}.PSM|Any CPU.ActiveCfg = Release|Any CPU
		{072781D8-51EC-4143-9CAE-DAF50177D3AD}.PSM|Any CPU.Build.0 = Release|Any CPU
		{072781D8-51EC-4143-9CAE-DAF50177D3AD}.PSM|Mixed Platforms.ActiveCfg = Release|Any CPU
		{072781D8-51EC-4143-9CAE-DAF50177D3AD}.PSM|Mixed Platforms.Build.0 = Release|Any CPU
		{072781D8-51EC-4143-9CAE-DAF50177D3AD}.PSM|x86.ActiveCfg = Release|Any CPU
		{072781D8-51EC-4143-9CAE-DAF50177D3AD}.Release|Any CPU.ActiveCfg = Release|Any CPU
		{072781D8-51EC-4143-9CAE-DAF50177D3AD}.Release|Any CPU.Build.0 = Release|Any CPU
		{072781D8-51EC-4143-9CAE-DAF50177D3AD}.Release|Mixed Platforms.ActiveCfg = Release|Any CPU
		{072781D8-51EC-4143-9CAE-DAF50177D3AD}.Release|Mixed Platforms.Build.0 = Release|Any CPU
		{072781D8-51EC-4143-9CAE-DAF50177D3AD}.Release|x86.ActiveCfg = Release|Any CPU
		{072781D8-51EC-4143-9CAE-DAF50177D3AD}.Windows|Any CPU.ActiveCfg = Release|Any CPU
		{072781D8-51EC-4143-9CAE-DAF50177D3AD}.Windows|Any CPU.Build.0 = Release|Any CPU
		{072781D8-51EC-4143-9CAE-DAF50177D3AD}.Windows|Mixed Platforms.ActiveCfg = Release|Any CPU
		{072781D8-51EC-4143-9CAE-DAF50177D3AD}.Windows|Mixed Platforms.Build.0 = Release|Any CPU
		{072781D8-51EC-4143-9CAE-DAF50177D3AD}.Windows|x86.ActiveCfg = Release|Any CPU
		{072781D8-51EC-4143-9CAE-DAF50177D3AD}.Windows8|Any CPU.ActiveCfg = Release|Any CPU
		{072781D8-51EC-4143-9CAE-DAF50177D3AD}.Windows8|Any CPU.Build.0 = Release|Any CPU
		{072781D8-51EC-4143-9CAE-DAF50177D3AD}.Windows8|Mixed Platforms.ActiveCfg = Release|Any CPU
		{072781D8-51EC-4143-9CAE-DAF50177D3AD}.Windows8|Mixed Platforms.Build.0 = Release|Any CPU
		{072781D8-51EC-4143-9CAE-DAF50177D3AD}.Windows8|x86.ActiveCfg = Release|Any CPU
		{FD7957F7-A1E0-4D00-8F6C-3FA555EAA163}.Android|Any CPU.ActiveCfg = Release|Any CPU
		{FD7957F7-A1E0-4D00-8F6C-3FA555EAA163}.Android|Any CPU.Build.0 = Release|Any CPU
		{FD7957F7-A1E0-4D00-8F6C-3FA555EAA163}.Android|Mixed Platforms.ActiveCfg = Release|Any CPU
		{FD7957F7-A1E0-4D00-8F6C-3FA555EAA163}.Android|Mixed Platforms.Build.0 = Release|Any CPU
		{FD7957F7-A1E0-4D00-8F6C-3FA555EAA163}.Android|x86.ActiveCfg = Release|Any CPU
		{FD7957F7-A1E0-4D00-8F6C-3FA555EAA163}.Debug|Any CPU.ActiveCfg = Debug|Any CPU
		{FD7957F7-A1E0-4D00-8F6C-3FA555EAA163}.Debug|Any CPU.Build.0 = Debug|Any CPU
		{FD7957F7-A1E0-4D00-8F6C-3FA555EAA163}.Debug|Mixed Platforms.ActiveCfg = Debug|Any CPU
		{FD7957F7-A1E0-4D00-8F6C-3FA555EAA163}.Debug|Mixed Platforms.Build.0 = Debug|Any CPU
		{FD7957F7-A1E0-4D00-8F6C-3FA555EAA163}.Debug|x86.ActiveCfg = Debug|Any CPU
		{FD7957F7-A1E0-4D00-8F6C-3FA555EAA163}.DesktopGL|Any CPU.ActiveCfg = Debug|Any CPU
		{FD7957F7-A1E0-4D00-8F6C-3FA555EAA163}.DesktopGL|Any CPU.Build.0 = Debug|Any CPU
		{FD7957F7-A1E0-4D00-8F6C-3FA555EAA163}.DesktopGL|Mixed Platforms.ActiveCfg = Debug|Any CPU
		{FD7957F7-A1E0-4D00-8F6C-3FA555EAA163}.DesktopGL|Mixed Platforms.Build.0 = Debug|Any CPU
		{FD7957F7-A1E0-4D00-8F6C-3FA555EAA163}.DesktopGL|x86.ActiveCfg = Debug|Any CPU
		{FD7957F7-A1E0-4D00-8F6C-3FA555EAA163}.DesktopGL|x86.Build.0 = Debug|Any CPU
		{FD7957F7-A1E0-4D00-8F6C-3FA555EAA163}.iOS|Any CPU.ActiveCfg = Release|Any CPU
		{FD7957F7-A1E0-4D00-8F6C-3FA555EAA163}.iOS|Any CPU.Build.0 = Release|Any CPU
		{FD7957F7-A1E0-4D00-8F6C-3FA555EAA163}.iOS|Mixed Platforms.ActiveCfg = Release|Any CPU
		{FD7957F7-A1E0-4D00-8F6C-3FA555EAA163}.iOS|Mixed Platforms.Build.0 = Release|Any CPU
		{FD7957F7-A1E0-4D00-8F6C-3FA555EAA163}.iOS|x86.ActiveCfg = Release|Any CPU
		{FD7957F7-A1E0-4D00-8F6C-3FA555EAA163}.Linux|Any CPU.ActiveCfg = Release|Any CPU
		{FD7957F7-A1E0-4D00-8F6C-3FA555EAA163}.Linux|Any CPU.Build.0 = Release|Any CPU
		{FD7957F7-A1E0-4D00-8F6C-3FA555EAA163}.Linux|Mixed Platforms.ActiveCfg = Release|Any CPU
		{FD7957F7-A1E0-4D00-8F6C-3FA555EAA163}.Linux|Mixed Platforms.Build.0 = Release|Any CPU
		{FD7957F7-A1E0-4D00-8F6C-3FA555EAA163}.Linux|x86.ActiveCfg = Release|Any CPU
		{FD7957F7-A1E0-4D00-8F6C-3FA555EAA163}.OSX|Any CPU.ActiveCfg = Release|Any CPU
		{FD7957F7-A1E0-4D00-8F6C-3FA555EAA163}.OSX|Any CPU.Build.0 = Release|Any CPU
		{FD7957F7-A1E0-4D00-8F6C-3FA555EAA163}.OSX|Mixed Platforms.ActiveCfg = Release|Any CPU
		{FD7957F7-A1E0-4D00-8F6C-3FA555EAA163}.OSX|Mixed Platforms.Build.0 = Release|Any CPU
		{FD7957F7-A1E0-4D00-8F6C-3FA555EAA163}.OSX|x86.ActiveCfg = Release|Any CPU
		{FD7957F7-A1E0-4D00-8F6C-3FA555EAA163}.PSM|Any CPU.ActiveCfg = Release|Any CPU
		{FD7957F7-A1E0-4D00-8F6C-3FA555EAA163}.PSM|Any CPU.Build.0 = Release|Any CPU
		{FD7957F7-A1E0-4D00-8F6C-3FA555EAA163}.PSM|Mixed Platforms.ActiveCfg = Release|Any CPU
		{FD7957F7-A1E0-4D00-8F6C-3FA555EAA163}.PSM|Mixed Platforms.Build.0 = Release|Any CPU
		{FD7957F7-A1E0-4D00-8F6C-3FA555EAA163}.PSM|x86.ActiveCfg = Release|Any CPU
		{FD7957F7-A1E0-4D00-8F6C-3FA555EAA163}.Release|Any CPU.ActiveCfg = Release|Any CPU
		{FD7957F7-A1E0-4D00-8F6C-3FA555EAA163}.Release|Any CPU.Build.0 = Release|Any CPU
		{FD7957F7-A1E0-4D00-8F6C-3FA555EAA163}.Release|Mixed Platforms.ActiveCfg = Release|Any CPU
		{FD7957F7-A1E0-4D00-8F6C-3FA555EAA163}.Release|Mixed Platforms.Build.0 = Release|Any CPU
		{FD7957F7-A1E0-4D00-8F6C-3FA555EAA163}.Release|x86.ActiveCfg = Release|Any CPU
		{FD7957F7-A1E0-4D00-8F6C-3FA555EAA163}.Windows|Any CPU.ActiveCfg = Release|Any CPU
		{FD7957F7-A1E0-4D00-8F6C-3FA555EAA163}.Windows|Any CPU.Build.0 = Release|Any CPU
		{FD7957F7-A1E0-4D00-8F6C-3FA555EAA163}.Windows|Mixed Platforms.ActiveCfg = Release|Any CPU
		{FD7957F7-A1E0-4D00-8F6C-3FA555EAA163}.Windows|Mixed Platforms.Build.0 = Release|Any CPU
		{FD7957F7-A1E0-4D00-8F6C-3FA555EAA163}.Windows|x86.ActiveCfg = Release|Any CPU
		{FD7957F7-A1E0-4D00-8F6C-3FA555EAA163}.Windows8|Any CPU.ActiveCfg = Release|Any CPU
		{FD7957F7-A1E0-4D00-8F6C-3FA555EAA163}.Windows8|Any CPU.Build.0 = Release|Any CPU
		{FD7957F7-A1E0-4D00-8F6C-3FA555EAA163}.Windows8|Mixed Platforms.ActiveCfg = Release|Any CPU
		{FD7957F7-A1E0-4D00-8F6C-3FA555EAA163}.Windows8|Mixed Platforms.Build.0 = Release|Any CPU
		{FD7957F7-A1E0-4D00-8F6C-3FA555EAA163}.Windows8|x86.ActiveCfg = Release|Any CPU
		{9D9558A9-755E-43F9-8BB6-B26F365F5042}.Android|Any CPU.ActiveCfg = Release|Any CPU
		{9D9558A9-755E-43F9-8BB6-B26F365F5042}.Android|Any CPU.Build.0 = Release|Any CPU
		{9D9558A9-755E-43F9-8BB6-B26F365F5042}.Android|Mixed Platforms.ActiveCfg = Release|Any CPU
		{9D9558A9-755E-43F9-8BB6-B26F365F5042}.Android|Mixed Platforms.Build.0 = Release|Any CPU
		{9D9558A9-755E-43F9-8BB6-B26F365F5042}.Android|x86.ActiveCfg = Release|Any CPU
		{9D9558A9-755E-43F9-8BB6-B26F365F5042}.Debug|Any CPU.ActiveCfg = Debug|Any CPU
		{9D9558A9-755E-43F9-8BB6-B26F365F5042}.Debug|Any CPU.Build.0 = Debug|Any CPU
		{9D9558A9-755E-43F9-8BB6-B26F365F5042}.Debug|Mixed Platforms.ActiveCfg = Debug|Any CPU
		{9D9558A9-755E-43F9-8BB6-B26F365F5042}.Debug|Mixed Platforms.Build.0 = Debug|Any CPU
		{9D9558A9-755E-43F9-8BB6-B26F365F5042}.Debug|x86.ActiveCfg = Debug|Any CPU
		{9D9558A9-755E-43F9-8BB6-B26F365F5042}.DesktopGL|Any CPU.ActiveCfg = Debug|Any CPU
		{9D9558A9-755E-43F9-8BB6-B26F365F5042}.DesktopGL|Any CPU.Build.0 = Debug|Any CPU
		{9D9558A9-755E-43F9-8BB6-B26F365F5042}.DesktopGL|Mixed Platforms.ActiveCfg = Debug|Any CPU
		{9D9558A9-755E-43F9-8BB6-B26F365F5042}.DesktopGL|Mixed Platforms.Build.0 = Debug|Any CPU
		{9D9558A9-755E-43F9-8BB6-B26F365F5042}.DesktopGL|x86.ActiveCfg = Debug|Any CPU
		{9D9558A9-755E-43F9-8BB6-B26F365F5042}.DesktopGL|x86.Build.0 = Debug|Any CPU
		{9D9558A9-755E-43F9-8BB6-B26F365F5042}.iOS|Any CPU.ActiveCfg = Release|Any CPU
		{9D9558A9-755E-43F9-8BB6-B26F365F5042}.iOS|Any CPU.Build.0 = Release|Any CPU
		{9D9558A9-755E-43F9-8BB6-B26F365F5042}.iOS|Mixed Platforms.ActiveCfg = Release|Any CPU
		{9D9558A9-755E-43F9-8BB6-B26F365F5042}.iOS|Mixed Platforms.Build.0 = Release|Any CPU
		{9D9558A9-755E-43F9-8BB6-B26F365F5042}.iOS|x86.ActiveCfg = Release|Any CPU
		{9D9558A9-755E-43F9-8BB6-B26F365F5042}.Linux|Any CPU.ActiveCfg = Release|Any CPU
		{9D9558A9-755E-43F9-8BB6-B26F365F5042}.Linux|Any CPU.Build.0 = Release|Any CPU
		{9D9558A9-755E-43F9-8BB6-B26F365F5042}.Linux|Mixed Platforms.ActiveCfg = Release|Any CPU
		{9D9558A9-755E-43F9-8BB6-B26F365F5042}.Linux|Mixed Platforms.Build.0 = Release|Any CPU
		{9D9558A9-755E-43F9-8BB6-B26F365F5042}.Linux|x86.ActiveCfg = Release|Any CPU
		{9D9558A9-755E-43F9-8BB6-B26F365F5042}.OSX|Any CPU.ActiveCfg = Release|Any CPU
		{9D9558A9-755E-43F9-8BB6-B26F365F5042}.OSX|Any CPU.Build.0 = Release|Any CPU
		{9D9558A9-755E-43F9-8BB6-B26F365F5042}.OSX|Mixed Platforms.ActiveCfg = Release|Any CPU
		{9D9558A9-755E-43F9-8BB6-B26F365F5042}.OSX|Mixed Platforms.Build.0 = Release|Any CPU
		{9D9558A9-755E-43F9-8BB6-B26F365F5042}.OSX|x86.ActiveCfg = Release|Any CPU
		{9D9558A9-755E-43F9-8BB6-B26F365F5042}.PSM|Any CPU.ActiveCfg = Release|Any CPU
		{9D9558A9-755E-43F9-8BB6-B26F365F5042}.PSM|Any CPU.Build.0 = Release|Any CPU
		{9D9558A9-755E-43F9-8BB6-B26F365F5042}.PSM|Mixed Platforms.ActiveCfg = Release|Any CPU
		{9D9558A9-755E-43F9-8BB6-B26F365F5042}.PSM|Mixed Platforms.Build.0 = Release|Any CPU
		{9D9558A9-755E-43F9-8BB6-B26F365F5042}.PSM|x86.ActiveCfg = Release|Any CPU
		{9D9558A9-755E-43F9-8BB6-B26F365F5042}.Release|Any CPU.ActiveCfg = Release|Any CPU
		{9D9558A9-755E-43F9-8BB6-B26F365F5042}.Release|Any CPU.Build.0 = Release|Any CPU
		{9D9558A9-755E-43F9-8BB6-B26F365F5042}.Release|Mixed Platforms.ActiveCfg = Release|Any CPU
		{9D9558A9-755E-43F9-8BB6-B26F365F5042}.Release|Mixed Platforms.Build.0 = Release|Any CPU
		{9D9558A9-755E-43F9-8BB6-B26F365F5042}.Release|x86.ActiveCfg = Release|Any CPU
		{9D9558A9-755E-43F9-8BB6-B26F365F5042}.Windows|Any CPU.ActiveCfg = Release|Any CPU
		{9D9558A9-755E-43F9-8BB6-B26F365F5042}.Windows|Any CPU.Build.0 = Release|Any CPU
		{9D9558A9-755E-43F9-8BB6-B26F365F5042}.Windows|Mixed Platforms.ActiveCfg = Release|Any CPU
		{9D9558A9-755E-43F9-8BB6-B26F365F5042}.Windows|Mixed Platforms.Build.0 = Release|Any CPU
		{9D9558A9-755E-43F9-8BB6-B26F365F5042}.Windows|x86.ActiveCfg = Release|Any CPU
		{9D9558A9-755E-43F9-8BB6-B26F365F5042}.Windows8|Any CPU.ActiveCfg = Release|Any CPU
		{9D9558A9-755E-43F9-8BB6-B26F365F5042}.Windows8|Any CPU.Build.0 = Release|Any CPU
		{9D9558A9-755E-43F9-8BB6-B26F365F5042}.Windows8|Mixed Platforms.ActiveCfg = Release|Any CPU
		{9D9558A9-755E-43F9-8BB6-B26F365F5042}.Windows8|Mixed Platforms.Build.0 = Release|Any CPU
		{9D9558A9-755E-43F9-8BB6-B26F365F5042}.Windows8|x86.ActiveCfg = Release|Any CPU
		{25A5DA9E-88E8-4BC2-AE80-45935276790E}.Android|Any CPU.ActiveCfg = Release|Any CPU
		{25A5DA9E-88E8-4BC2-AE80-45935276790E}.Android|Mixed Platforms.ActiveCfg = Release|Any CPU
		{25A5DA9E-88E8-4BC2-AE80-45935276790E}.Android|x86.ActiveCfg = Release|Any CPU
		{25A5DA9E-88E8-4BC2-AE80-45935276790E}.Debug|Any CPU.ActiveCfg = Debug|Any CPU
		{25A5DA9E-88E8-4BC2-AE80-45935276790E}.Debug|Mixed Platforms.ActiveCfg = Debug|Any CPU
		{25A5DA9E-88E8-4BC2-AE80-45935276790E}.Debug|Mixed Platforms.Build.0 = Debug|Any CPU
		{25A5DA9E-88E8-4BC2-AE80-45935276790E}.Debug|x86.ActiveCfg = Debug|Any CPU
		{25A5DA9E-88E8-4BC2-AE80-45935276790E}.DesktopGL|Any CPU.ActiveCfg = Debug|Any CPU
		{25A5DA9E-88E8-4BC2-AE80-45935276790E}.DesktopGL|Any CPU.Build.0 = Debug|Any CPU
		{25A5DA9E-88E8-4BC2-AE80-45935276790E}.DesktopGL|Mixed Platforms.ActiveCfg = Debug|Any CPU
		{25A5DA9E-88E8-4BC2-AE80-45935276790E}.DesktopGL|Mixed Platforms.Build.0 = Debug|Any CPU
		{25A5DA9E-88E8-4BC2-AE80-45935276790E}.DesktopGL|x86.ActiveCfg = Debug|Any CPU
		{25A5DA9E-88E8-4BC2-AE80-45935276790E}.DesktopGL|x86.Build.0 = Debug|Any CPU
		{25A5DA9E-88E8-4BC2-AE80-45935276790E}.iOS|Any CPU.ActiveCfg = Release|Any CPU
		{25A5DA9E-88E8-4BC2-AE80-45935276790E}.iOS|Mixed Platforms.ActiveCfg = Release|Any CPU
		{25A5DA9E-88E8-4BC2-AE80-45935276790E}.iOS|x86.ActiveCfg = Release|Any CPU
		{25A5DA9E-88E8-4BC2-AE80-45935276790E}.Linux|Any CPU.ActiveCfg = Release|Any CPU
		{25A5DA9E-88E8-4BC2-AE80-45935276790E}.Linux|Mixed Platforms.ActiveCfg = Release|Any CPU
		{25A5DA9E-88E8-4BC2-AE80-45935276790E}.Linux|x86.ActiveCfg = Release|Any CPU
		{25A5DA9E-88E8-4BC2-AE80-45935276790E}.OSX|Any CPU.ActiveCfg = Release|Any CPU
		{25A5DA9E-88E8-4BC2-AE80-45935276790E}.OSX|Mixed Platforms.ActiveCfg = Release|Any CPU
		{25A5DA9E-88E8-4BC2-AE80-45935276790E}.OSX|x86.ActiveCfg = Release|Any CPU
		{25A5DA9E-88E8-4BC2-AE80-45935276790E}.PSM|Any CPU.ActiveCfg = Release|Any CPU
		{25A5DA9E-88E8-4BC2-AE80-45935276790E}.PSM|Mixed Platforms.ActiveCfg = Release|Any CPU
		{25A5DA9E-88E8-4BC2-AE80-45935276790E}.PSM|x86.ActiveCfg = Release|Any CPU
		{25A5DA9E-88E8-4BC2-AE80-45935276790E}.Release|Any CPU.ActiveCfg = Release|Any CPU
		{25A5DA9E-88E8-4BC2-AE80-45935276790E}.Release|Mixed Platforms.ActiveCfg = Release|Any CPU
		{25A5DA9E-88E8-4BC2-AE80-45935276790E}.Release|Mixed Platforms.Build.0 = Release|Any CPU
		{25A5DA9E-88E8-4BC2-AE80-45935276790E}.Release|x86.ActiveCfg = Release|Any CPU
		{25A5DA9E-88E8-4BC2-AE80-45935276790E}.Windows|Any CPU.ActiveCfg = Release|Any CPU
		{25A5DA9E-88E8-4BC2-AE80-45935276790E}.Windows|Mixed Platforms.ActiveCfg = Release|Any CPU
		{25A5DA9E-88E8-4BC2-AE80-45935276790E}.Windows|x86.ActiveCfg = Release|Any CPU
		{25A5DA9E-88E8-4BC2-AE80-45935276790E}.Windows8|Any CPU.ActiveCfg = Release|Any CPU
		{25A5DA9E-88E8-4BC2-AE80-45935276790E}.Windows8|Mixed Platforms.ActiveCfg = Release|Any CPU
		{25A5DA9E-88E8-4BC2-AE80-45935276790E}.Windows8|Mixed Platforms.Build.0 = Release|Any CPU
		{25A5DA9E-88E8-4BC2-AE80-45935276790E}.Windows8|x86.ActiveCfg = Release|Any CPU
		{07F742C5-C66A-4D1E-A761-458E08D4E302}.Android|Any CPU.ActiveCfg = Release|Any CPU
		{07F742C5-C66A-4D1E-A761-458E08D4E302}.Android|Mixed Platforms.ActiveCfg = Release|Any CPU
		{07F742C5-C66A-4D1E-A761-458E08D4E302}.Android|x86.ActiveCfg = Release|Any CPU
		{07F742C5-C66A-4D1E-A761-458E08D4E302}.Debug|Any CPU.ActiveCfg = Debug|Any CPU
		{07F742C5-C66A-4D1E-A761-458E08D4E302}.Debug|Mixed Platforms.ActiveCfg = Debug|Any CPU
		{07F742C5-C66A-4D1E-A761-458E08D4E302}.Debug|Mixed Platforms.Build.0 = Debug|Any CPU
		{07F742C5-C66A-4D1E-A761-458E08D4E302}.Debug|x86.ActiveCfg = Debug|Any CPU
		{07F742C5-C66A-4D1E-A761-458E08D4E302}.DesktopGL|Any CPU.ActiveCfg = Debug|Any CPU
		{07F742C5-C66A-4D1E-A761-458E08D4E302}.DesktopGL|Any CPU.Build.0 = Debug|Any CPU
		{07F742C5-C66A-4D1E-A761-458E08D4E302}.DesktopGL|Mixed Platforms.ActiveCfg = Debug|Any CPU
		{07F742C5-C66A-4D1E-A761-458E08D4E302}.DesktopGL|Mixed Platforms.Build.0 = Debug|Any CPU
		{07F742C5-C66A-4D1E-A761-458E08D4E302}.DesktopGL|x86.ActiveCfg = Debug|Any CPU
		{07F742C5-C66A-4D1E-A761-458E08D4E302}.DesktopGL|x86.Build.0 = Debug|Any CPU
		{07F742C5-C66A-4D1E-A761-458E08D4E302}.iOS|Any CPU.ActiveCfg = Release|Any CPU
		{07F742C5-C66A-4D1E-A761-458E08D4E302}.iOS|Mixed Platforms.ActiveCfg = Release|Any CPU
		{07F742C5-C66A-4D1E-A761-458E08D4E302}.iOS|x86.ActiveCfg = Release|Any CPU
		{07F742C5-C66A-4D1E-A761-458E08D4E302}.Linux|Any CPU.ActiveCfg = Release|Any CPU
		{07F742C5-C66A-4D1E-A761-458E08D4E302}.Linux|Mixed Platforms.ActiveCfg = Release|Any CPU
		{07F742C5-C66A-4D1E-A761-458E08D4E302}.Linux|x86.ActiveCfg = Release|Any CPU
		{07F742C5-C66A-4D1E-A761-458E08D4E302}.OSX|Any CPU.ActiveCfg = Release|Any CPU
		{07F742C5-C66A-4D1E-A761-458E08D4E302}.OSX|Mixed Platforms.ActiveCfg = Release|Any CPU
		{07F742C5-C66A-4D1E-A761-458E08D4E302}.OSX|x86.ActiveCfg = Release|Any CPU
		{07F742C5-C66A-4D1E-A761-458E08D4E302}.PSM|Any CPU.ActiveCfg = Release|Any CPU
		{07F742C5-C66A-4D1E-A761-458E08D4E302}.PSM|Mixed Platforms.ActiveCfg = Release|Any CPU
		{07F742C5-C66A-4D1E-A761-458E08D4E302}.PSM|x86.ActiveCfg = Release|Any CPU
		{07F742C5-C66A-4D1E-A761-458E08D4E302}.Release|Any CPU.ActiveCfg = Release|Any CPU
		{07F742C5-C66A-4D1E-A761-458E08D4E302}.Release|Mixed Platforms.ActiveCfg = Release|Any CPU
		{07F742C5-C66A-4D1E-A761-458E08D4E302}.Release|Mixed Platforms.Build.0 = Release|Any CPU
		{07F742C5-C66A-4D1E-A761-458E08D4E302}.Release|x86.ActiveCfg = Release|Any CPU
		{07F742C5-C66A-4D1E-A761-458E08D4E302}.Windows|Any CPU.ActiveCfg = Release|Any CPU
		{07F742C5-C66A-4D1E-A761-458E08D4E302}.Windows|Mixed Platforms.ActiveCfg = Release|Any CPU
		{07F742C5-C66A-4D1E-A761-458E08D4E302}.Windows|x86.ActiveCfg = Release|Any CPU
		{07F742C5-C66A-4D1E-A761-458E08D4E302}.Windows8|Any CPU.ActiveCfg = Release|Any CPU
		{07F742C5-C66A-4D1E-A761-458E08D4E302}.Windows8|Mixed Platforms.ActiveCfg = Release|Any CPU
		{07F742C5-C66A-4D1E-A761-458E08D4E302}.Windows8|Mixed Platforms.Build.0 = Release|Any CPU
		{07F742C5-C66A-4D1E-A761-458E08D4E302}.Windows8|x86.ActiveCfg = Release|Any CPU
		{B1A6E4C2-E080-4C34-A604-D11B5296A9B8}.Android|Any CPU.ActiveCfg = Release|x86
		{B1A6E4C2-E080-4C34-A604-D11B5296A9B8}.Android|Mixed Platforms.ActiveCfg = Release|x86
		{B1A6E4C2-E080-4C34-A604-D11B5296A9B8}.Android|Mixed Platforms.Build.0 = Release|x86
		{B1A6E4C2-E080-4C34-A604-D11B5296A9B8}.Android|x86.ActiveCfg = Release|x86
		{B1A6E4C2-E080-4C34-A604-D11B5296A9B8}.Android|x86.Build.0 = Release|x86
		{B1A6E4C2-E080-4C34-A604-D11B5296A9B8}.Debug|Any CPU.ActiveCfg = Debug|x86
		{B1A6E4C2-E080-4C34-A604-D11B5296A9B8}.Debug|Mixed Platforms.ActiveCfg = Debug|x86
		{B1A6E4C2-E080-4C34-A604-D11B5296A9B8}.Debug|Mixed Platforms.Build.0 = Debug|x86
		{B1A6E4C2-E080-4C34-A604-D11B5296A9B8}.Debug|x86.ActiveCfg = Debug|x86
		{B1A6E4C2-E080-4C34-A604-D11B5296A9B8}.Debug|x86.Build.0 = Debug|x86
		{B1A6E4C2-E080-4C34-A604-D11B5296A9B8}.DesktopGL|Any CPU.ActiveCfg = Debug|x86
		{B1A6E4C2-E080-4C34-A604-D11B5296A9B8}.DesktopGL|Any CPU.Build.0 = Debug|x86
		{B1A6E4C2-E080-4C34-A604-D11B5296A9B8}.DesktopGL|Mixed Platforms.ActiveCfg = Debug|x86
		{B1A6E4C2-E080-4C34-A604-D11B5296A9B8}.DesktopGL|Mixed Platforms.Build.0 = Debug|x86
		{B1A6E4C2-E080-4C34-A604-D11B5296A9B8}.DesktopGL|x86.ActiveCfg = Debug|x86
		{B1A6E4C2-E080-4C34-A604-D11B5296A9B8}.DesktopGL|x86.Build.0 = Debug|x86
		{B1A6E4C2-E080-4C34-A604-D11B5296A9B8}.iOS|Any CPU.ActiveCfg = Release|x86
		{B1A6E4C2-E080-4C34-A604-D11B5296A9B8}.iOS|Mixed Platforms.ActiveCfg = Release|x86
		{B1A6E4C2-E080-4C34-A604-D11B5296A9B8}.iOS|Mixed Platforms.Build.0 = Release|x86
		{B1A6E4C2-E080-4C34-A604-D11B5296A9B8}.iOS|x86.ActiveCfg = Release|x86
		{B1A6E4C2-E080-4C34-A604-D11B5296A9B8}.iOS|x86.Build.0 = Release|x86
		{B1A6E4C2-E080-4C34-A604-D11B5296A9B8}.Linux|Any CPU.ActiveCfg = Release|x86
		{B1A6E4C2-E080-4C34-A604-D11B5296A9B8}.Linux|Mixed Platforms.ActiveCfg = Release|x86
		{B1A6E4C2-E080-4C34-A604-D11B5296A9B8}.Linux|Mixed Platforms.Build.0 = Release|x86
		{B1A6E4C2-E080-4C34-A604-D11B5296A9B8}.Linux|x86.ActiveCfg = Release|x86
		{B1A6E4C2-E080-4C34-A604-D11B5296A9B8}.Linux|x86.Build.0 = Release|x86
		{B1A6E4C2-E080-4C34-A604-D11B5296A9B8}.OSX|Any CPU.ActiveCfg = Release|x86
		{B1A6E4C2-E080-4C34-A604-D11B5296A9B8}.OSX|Mixed Platforms.ActiveCfg = Release|x86
		{B1A6E4C2-E080-4C34-A604-D11B5296A9B8}.OSX|Mixed Platforms.Build.0 = Release|x86
		{B1A6E4C2-E080-4C34-A604-D11B5296A9B8}.OSX|x86.ActiveCfg = Release|x86
		{B1A6E4C2-E080-4C34-A604-D11B5296A9B8}.OSX|x86.Build.0 = Release|x86
		{B1A6E4C2-E080-4C34-A604-D11B5296A9B8}.PSM|Any CPU.ActiveCfg = Release|x86
		{B1A6E4C2-E080-4C34-A604-D11B5296A9B8}.PSM|Mixed Platforms.ActiveCfg = Release|x86
		{B1A6E4C2-E080-4C34-A604-D11B5296A9B8}.PSM|Mixed Platforms.Build.0 = Release|x86
		{B1A6E4C2-E080-4C34-A604-D11B5296A9B8}.PSM|x86.ActiveCfg = Release|x86
		{B1A6E4C2-E080-4C34-A604-D11B5296A9B8}.PSM|x86.Build.0 = Release|x86
		{B1A6E4C2-E080-4C34-A604-D11B5296A9B8}.Release|Any CPU.ActiveCfg = Release|x86
		{B1A6E4C2-E080-4C34-A604-D11B5296A9B8}.Release|Mixed Platforms.ActiveCfg = Release|x86
		{B1A6E4C2-E080-4C34-A604-D11B5296A9B8}.Release|Mixed Platforms.Build.0 = Release|x86
		{B1A6E4C2-E080-4C34-A604-D11B5296A9B8}.Release|x86.ActiveCfg = Release|x86
		{B1A6E4C2-E080-4C34-A604-D11B5296A9B8}.Release|x86.Build.0 = Release|x86
		{B1A6E4C2-E080-4C34-A604-D11B5296A9B8}.Windows|Any CPU.ActiveCfg = Release|x86
		{B1A6E4C2-E080-4C34-A604-D11B5296A9B8}.Windows|Mixed Platforms.ActiveCfg = Release|x86
		{B1A6E4C2-E080-4C34-A604-D11B5296A9B8}.Windows|Mixed Platforms.Build.0 = Release|x86
		{B1A6E4C2-E080-4C34-A604-D11B5296A9B8}.Windows|x86.ActiveCfg = Release|x86
		{B1A6E4C2-E080-4C34-A604-D11B5296A9B8}.Windows|x86.Build.0 = Release|x86
		{B1A6E4C2-E080-4C34-A604-D11B5296A9B8}.Windows8|Any CPU.ActiveCfg = Release|x86
		{B1A6E4C2-E080-4C34-A604-D11B5296A9B8}.Windows8|Mixed Platforms.ActiveCfg = Release|x86
		{B1A6E4C2-E080-4C34-A604-D11B5296A9B8}.Windows8|Mixed Platforms.Build.0 = Release|x86
		{B1A6E4C2-E080-4C34-A604-D11B5296A9B8}.Windows8|x86.ActiveCfg = Release|x86
		{B1A6E4C2-E080-4C34-A604-D11B5296A9B8}.Windows8|x86.Build.0 = Release|x86
		{56F4BD87-2404-4263-80D5-6FA2161EB0A4}.Android|Any CPU.ActiveCfg = Release|Any CPU
		{56F4BD87-2404-4263-80D5-6FA2161EB0A4}.Android|Any CPU.Build.0 = Release|Any CPU
		{56F4BD87-2404-4263-80D5-6FA2161EB0A4}.Android|Mixed Platforms.ActiveCfg = Release|Any CPU
		{56F4BD87-2404-4263-80D5-6FA2161EB0A4}.Android|Mixed Platforms.Build.0 = Release|Any CPU
		{56F4BD87-2404-4263-80D5-6FA2161EB0A4}.Android|x86.ActiveCfg = Release|Any CPU
		{56F4BD87-2404-4263-80D5-6FA2161EB0A4}.Debug|Any CPU.ActiveCfg = Debug|Any CPU
		{56F4BD87-2404-4263-80D5-6FA2161EB0A4}.Debug|Any CPU.Build.0 = Debug|Any CPU
		{56F4BD87-2404-4263-80D5-6FA2161EB0A4}.Debug|Mixed Platforms.ActiveCfg = Debug|Any CPU
		{56F4BD87-2404-4263-80D5-6FA2161EB0A4}.Debug|Mixed Platforms.Build.0 = Debug|Any CPU
		{56F4BD87-2404-4263-80D5-6FA2161EB0A4}.Debug|x86.ActiveCfg = Debug|Any CPU
		{56F4BD87-2404-4263-80D5-6FA2161EB0A4}.DesktopGL|Any CPU.ActiveCfg = Debug|Any CPU
		{56F4BD87-2404-4263-80D5-6FA2161EB0A4}.DesktopGL|Any CPU.Build.0 = Debug|Any CPU
		{56F4BD87-2404-4263-80D5-6FA2161EB0A4}.DesktopGL|Mixed Platforms.ActiveCfg = Debug|Any CPU
		{56F4BD87-2404-4263-80D5-6FA2161EB0A4}.DesktopGL|Mixed Platforms.Build.0 = Debug|Any CPU
		{56F4BD87-2404-4263-80D5-6FA2161EB0A4}.DesktopGL|x86.ActiveCfg = Debug|Any CPU
		{56F4BD87-2404-4263-80D5-6FA2161EB0A4}.DesktopGL|x86.Build.0 = Debug|Any CPU
		{56F4BD87-2404-4263-80D5-6FA2161EB0A4}.iOS|Any CPU.ActiveCfg = Release|Any CPU
		{56F4BD87-2404-4263-80D5-6FA2161EB0A4}.iOS|Any CPU.Build.0 = Release|Any CPU
		{56F4BD87-2404-4263-80D5-6FA2161EB0A4}.iOS|Mixed Platforms.ActiveCfg = Release|Any CPU
		{56F4BD87-2404-4263-80D5-6FA2161EB0A4}.iOS|Mixed Platforms.Build.0 = Release|Any CPU
		{56F4BD87-2404-4263-80D5-6FA2161EB0A4}.iOS|x86.ActiveCfg = Release|Any CPU
		{56F4BD87-2404-4263-80D5-6FA2161EB0A4}.Linux|Any CPU.ActiveCfg = Release|Any CPU
		{56F4BD87-2404-4263-80D5-6FA2161EB0A4}.Linux|Any CPU.Build.0 = Release|Any CPU
		{56F4BD87-2404-4263-80D5-6FA2161EB0A4}.Linux|Mixed Platforms.ActiveCfg = Release|Any CPU
		{56F4BD87-2404-4263-80D5-6FA2161EB0A4}.Linux|Mixed Platforms.Build.0 = Release|Any CPU
		{56F4BD87-2404-4263-80D5-6FA2161EB0A4}.Linux|x86.ActiveCfg = Release|Any CPU
		{56F4BD87-2404-4263-80D5-6FA2161EB0A4}.OSX|Any CPU.ActiveCfg = Release|Any CPU
		{56F4BD87-2404-4263-80D5-6FA2161EB0A4}.OSX|Any CPU.Build.0 = Release|Any CPU
		{56F4BD87-2404-4263-80D5-6FA2161EB0A4}.OSX|Mixed Platforms.ActiveCfg = Release|Any CPU
		{56F4BD87-2404-4263-80D5-6FA2161EB0A4}.OSX|Mixed Platforms.Build.0 = Release|Any CPU
		{56F4BD87-2404-4263-80D5-6FA2161EB0A4}.OSX|x86.ActiveCfg = Release|Any CPU
		{56F4BD87-2404-4263-80D5-6FA2161EB0A4}.PSM|Any CPU.ActiveCfg = Release|Any CPU
		{56F4BD87-2404-4263-80D5-6FA2161EB0A4}.PSM|Any CPU.Build.0 = Release|Any CPU
		{56F4BD87-2404-4263-80D5-6FA2161EB0A4}.PSM|Mixed Platforms.ActiveCfg = Release|Any CPU
		{56F4BD87-2404-4263-80D5-6FA2161EB0A4}.PSM|Mixed Platforms.Build.0 = Release|Any CPU
		{56F4BD87-2404-4263-80D5-6FA2161EB0A4}.PSM|x86.ActiveCfg = Release|Any CPU
		{56F4BD87-2404-4263-80D5-6FA2161EB0A4}.Release|Any CPU.ActiveCfg = Release|Any CPU
		{56F4BD87-2404-4263-80D5-6FA2161EB0A4}.Release|Any CPU.Build.0 = Release|Any CPU
		{56F4BD87-2404-4263-80D5-6FA2161EB0A4}.Release|Mixed Platforms.ActiveCfg = Release|Any CPU
		{56F4BD87-2404-4263-80D5-6FA2161EB0A4}.Release|Mixed Platforms.Build.0 = Release|Any CPU
		{56F4BD87-2404-4263-80D5-6FA2161EB0A4}.Release|x86.ActiveCfg = Release|Any CPU
		{56F4BD87-2404-4263-80D5-6FA2161EB0A4}.Windows|Any CPU.ActiveCfg = Release|Any CPU
		{56F4BD87-2404-4263-80D5-6FA2161EB0A4}.Windows|Any CPU.Build.0 = Release|Any CPU
		{56F4BD87-2404-4263-80D5-6FA2161EB0A4}.Windows|Mixed Platforms.ActiveCfg = Release|Any CPU
		{56F4BD87-2404-4263-80D5-6FA2161EB0A4}.Windows|Mixed Platforms.Build.0 = Release|Any CPU
		{56F4BD87-2404-4263-80D5-6FA2161EB0A4}.Windows|x86.ActiveCfg = Release|Any CPU
		{56F4BD87-2404-4263-80D5-6FA2161EB0A4}.Windows8|Any CPU.ActiveCfg = Release|Any CPU
		{56F4BD87-2404-4263-80D5-6FA2161EB0A4}.Windows8|Any CPU.Build.0 = Release|Any CPU
		{56F4BD87-2404-4263-80D5-6FA2161EB0A4}.Windows8|Mixed Platforms.ActiveCfg = Release|Any CPU
		{56F4BD87-2404-4263-80D5-6FA2161EB0A4}.Windows8|Mixed Platforms.Build.0 = Release|Any CPU
		{56F4BD87-2404-4263-80D5-6FA2161EB0A4}.Windows8|x86.ActiveCfg = Release|Any CPU
		{5DEB20EB-1EB7-48F9-922C-463ABAE56E63}.Android|Any CPU.ActiveCfg = Release|Any CPU
		{5DEB20EB-1EB7-48F9-922C-463ABAE56E63}.Android|Any CPU.Build.0 = Release|Any CPU
		{5DEB20EB-1EB7-48F9-922C-463ABAE56E63}.Android|Mixed Platforms.ActiveCfg = Release|Any CPU
		{5DEB20EB-1EB7-48F9-922C-463ABAE56E63}.Android|Mixed Platforms.Build.0 = Release|Any CPU
		{5DEB20EB-1EB7-48F9-922C-463ABAE56E63}.Android|x86.ActiveCfg = Release|Any CPU
		{5DEB20EB-1EB7-48F9-922C-463ABAE56E63}.Android|x86.Build.0 = Release|Any CPU
		{5DEB20EB-1EB7-48F9-922C-463ABAE56E63}.Debug|Any CPU.ActiveCfg = Debug|Any CPU
		{5DEB20EB-1EB7-48F9-922C-463ABAE56E63}.Debug|Any CPU.Build.0 = Debug|Any CPU
		{5DEB20EB-1EB7-48F9-922C-463ABAE56E63}.Debug|Mixed Platforms.ActiveCfg = Debug|x86
		{5DEB20EB-1EB7-48F9-922C-463ABAE56E63}.Debug|Mixed Platforms.Build.0 = Debug|x86
		{5DEB20EB-1EB7-48F9-922C-463ABAE56E63}.Debug|x86.ActiveCfg = Debug|Any CPU
		{5DEB20EB-1EB7-48F9-922C-463ABAE56E63}.Debug|x86.Build.0 = Debug|Any CPU
		{5DEB20EB-1EB7-48F9-922C-463ABAE56E63}.DesktopGL|Any CPU.ActiveCfg = Debug|Any CPU
		{5DEB20EB-1EB7-48F9-922C-463ABAE56E63}.DesktopGL|Any CPU.Build.0 = Debug|Any CPU
		{5DEB20EB-1EB7-48F9-922C-463ABAE56E63}.DesktopGL|Mixed Platforms.ActiveCfg = Debug|x86
		{5DEB20EB-1EB7-48F9-922C-463ABAE56E63}.DesktopGL|Mixed Platforms.Build.0 = Debug|x86
		{5DEB20EB-1EB7-48F9-922C-463ABAE56E63}.DesktopGL|x86.ActiveCfg = Debug|x86
		{5DEB20EB-1EB7-48F9-922C-463ABAE56E63}.DesktopGL|x86.Build.0 = Debug|x86
		{5DEB20EB-1EB7-48F9-922C-463ABAE56E63}.iOS|Any CPU.ActiveCfg = Release|Any CPU
		{5DEB20EB-1EB7-48F9-922C-463ABAE56E63}.iOS|Any CPU.Build.0 = Release|Any CPU
		{5DEB20EB-1EB7-48F9-922C-463ABAE56E63}.iOS|Mixed Platforms.ActiveCfg = Release|Any CPU
		{5DEB20EB-1EB7-48F9-922C-463ABAE56E63}.iOS|Mixed Platforms.Build.0 = Release|Any CPU
		{5DEB20EB-1EB7-48F9-922C-463ABAE56E63}.iOS|x86.ActiveCfg = Release|Any CPU
		{5DEB20EB-1EB7-48F9-922C-463ABAE56E63}.iOS|x86.Build.0 = Release|Any CPU
		{5DEB20EB-1EB7-48F9-922C-463ABAE56E63}.Linux|Any CPU.ActiveCfg = Release|Any CPU
		{5DEB20EB-1EB7-48F9-922C-463ABAE56E63}.Linux|Any CPU.Build.0 = Release|Any CPU
		{5DEB20EB-1EB7-48F9-922C-463ABAE56E63}.Linux|Mixed Platforms.ActiveCfg = Release|Any CPU
		{5DEB20EB-1EB7-48F9-922C-463ABAE56E63}.Linux|Mixed Platforms.Build.0 = Release|Any CPU
		{5DEB20EB-1EB7-48F9-922C-463ABAE56E63}.Linux|x86.ActiveCfg = Release|Any CPU
		{5DEB20EB-1EB7-48F9-922C-463ABAE56E63}.Linux|x86.Build.0 = Release|Any CPU
		{5DEB20EB-1EB7-48F9-922C-463ABAE56E63}.OSX|Any CPU.ActiveCfg = Release|Any CPU
		{5DEB20EB-1EB7-48F9-922C-463ABAE56E63}.OSX|Any CPU.Build.0 = Release|Any CPU
		{5DEB20EB-1EB7-48F9-922C-463ABAE56E63}.OSX|Mixed Platforms.ActiveCfg = Release|Any CPU
		{5DEB20EB-1EB7-48F9-922C-463ABAE56E63}.OSX|Mixed Platforms.Build.0 = Release|Any CPU
		{5DEB20EB-1EB7-48F9-922C-463ABAE56E63}.OSX|x86.ActiveCfg = Release|Any CPU
		{5DEB20EB-1EB7-48F9-922C-463ABAE56E63}.OSX|x86.Build.0 = Release|Any CPU
		{5DEB20EB-1EB7-48F9-922C-463ABAE56E63}.PSM|Any CPU.ActiveCfg = Release|Any CPU
		{5DEB20EB-1EB7-48F9-922C-463ABAE56E63}.PSM|Any CPU.Build.0 = Release|Any CPU
		{5DEB20EB-1EB7-48F9-922C-463ABAE56E63}.PSM|Mixed Platforms.ActiveCfg = Release|Any CPU
		{5DEB20EB-1EB7-48F9-922C-463ABAE56E63}.PSM|Mixed Platforms.Build.0 = Release|Any CPU
		{5DEB20EB-1EB7-48F9-922C-463ABAE56E63}.PSM|x86.ActiveCfg = Release|Any CPU
		{5DEB20EB-1EB7-48F9-922C-463ABAE56E63}.PSM|x86.Build.0 = Release|Any CPU
		{5DEB20EB-1EB7-48F9-922C-463ABAE56E63}.Release|Any CPU.ActiveCfg = Release|Any CPU
		{5DEB20EB-1EB7-48F9-922C-463ABAE56E63}.Release|Any CPU.Build.0 = Release|Any CPU
		{5DEB20EB-1EB7-48F9-922C-463ABAE56E63}.Release|Mixed Platforms.ActiveCfg = Release|x86
		{5DEB20EB-1EB7-48F9-922C-463ABAE56E63}.Release|Mixed Platforms.Build.0 = Release|x86
		{5DEB20EB-1EB7-48F9-922C-463ABAE56E63}.Release|x86.ActiveCfg = Release|Any CPU
		{5DEB20EB-1EB7-48F9-922C-463ABAE56E63}.Release|x86.Build.0 = Release|Any CPU
		{5DEB20EB-1EB7-48F9-922C-463ABAE56E63}.Windows|Any CPU.ActiveCfg = Release|Any CPU
		{5DEB20EB-1EB7-48F9-922C-463ABAE56E63}.Windows|Any CPU.Build.0 = Release|Any CPU
		{5DEB20EB-1EB7-48F9-922C-463ABAE56E63}.Windows|Mixed Platforms.ActiveCfg = Release|Any CPU
		{5DEB20EB-1EB7-48F9-922C-463ABAE56E63}.Windows|Mixed Platforms.Build.0 = Release|Any CPU
		{5DEB20EB-1EB7-48F9-922C-463ABAE56E63}.Windows|x86.ActiveCfg = Release|Any CPU
		{5DEB20EB-1EB7-48F9-922C-463ABAE56E63}.Windows|x86.Build.0 = Release|Any CPU
		{5DEB20EB-1EB7-48F9-922C-463ABAE56E63}.Windows8|Any CPU.ActiveCfg = Release|Any CPU
		{5DEB20EB-1EB7-48F9-922C-463ABAE56E63}.Windows8|Any CPU.Build.0 = Release|Any CPU
		{5DEB20EB-1EB7-48F9-922C-463ABAE56E63}.Windows8|Mixed Platforms.ActiveCfg = Release|Any CPU
		{5DEB20EB-1EB7-48F9-922C-463ABAE56E63}.Windows8|Mixed Platforms.Build.0 = Release|Any CPU
		{5DEB20EB-1EB7-48F9-922C-463ABAE56E63}.Windows8|x86.ActiveCfg = Release|Any CPU
		{5DEB20EB-1EB7-48F9-922C-463ABAE56E63}.Windows8|x86.Build.0 = Release|Any CPU
		{6D75E618-19CA-4C51-9546-F10965FBC0B8}.Android|Any CPU.ActiveCfg = Release|Any CPU
		{6D75E618-19CA-4C51-9546-F10965FBC0B8}.Android|Any CPU.Build.0 = Release|Any CPU
		{6D75E618-19CA-4C51-9546-F10965FBC0B8}.Android|Mixed Platforms.ActiveCfg = Release|Any CPU
		{6D75E618-19CA-4C51-9546-F10965FBC0B8}.Android|Mixed Platforms.Build.0 = Release|Any CPU
		{6D75E618-19CA-4C51-9546-F10965FBC0B8}.Android|x86.ActiveCfg = Release|Any CPU
		{6D75E618-19CA-4C51-9546-F10965FBC0B8}.Android|x86.Build.0 = Release|Any CPU
		{6D75E618-19CA-4C51-9546-F10965FBC0B8}.Debug|Any CPU.ActiveCfg = Debug|Any CPU
		{6D75E618-19CA-4C51-9546-F10965FBC0B8}.Debug|Any CPU.Build.0 = Debug|Any CPU
		{6D75E618-19CA-4C51-9546-F10965FBC0B8}.Debug|Mixed Platforms.ActiveCfg = Debug|Any CPU
		{6D75E618-19CA-4C51-9546-F10965FBC0B8}.Debug|Mixed Platforms.Build.0 = Debug|Any CPU
		{6D75E618-19CA-4C51-9546-F10965FBC0B8}.Debug|x86.ActiveCfg = Debug|Any CPU
		{6D75E618-19CA-4C51-9546-F10965FBC0B8}.Debug|x86.Build.0 = Debug|Any CPU
		{6D75E618-19CA-4C51-9546-F10965FBC0B8}.DesktopGL|Any CPU.ActiveCfg = Debug|Any CPU
		{6D75E618-19CA-4C51-9546-F10965FBC0B8}.DesktopGL|Any CPU.Build.0 = Debug|Any CPU
		{6D75E618-19CA-4C51-9546-F10965FBC0B8}.DesktopGL|Mixed Platforms.ActiveCfg = Debug|Any CPU
		{6D75E618-19CA-4C51-9546-F10965FBC0B8}.DesktopGL|Mixed Platforms.Build.0 = Debug|Any CPU
		{6D75E618-19CA-4C51-9546-F10965FBC0B8}.DesktopGL|x86.ActiveCfg = Debug|Any CPU
		{6D75E618-19CA-4C51-9546-F10965FBC0B8}.DesktopGL|x86.Build.0 = Debug|Any CPU
		{6D75E618-19CA-4C51-9546-F10965FBC0B8}.iOS|Any CPU.ActiveCfg = Release|Any CPU
		{6D75E618-19CA-4C51-9546-F10965FBC0B8}.iOS|Any CPU.Build.0 = Release|Any CPU
		{6D75E618-19CA-4C51-9546-F10965FBC0B8}.iOS|Mixed Platforms.ActiveCfg = Release|Any CPU
		{6D75E618-19CA-4C51-9546-F10965FBC0B8}.iOS|Mixed Platforms.Build.0 = Release|Any CPU
		{6D75E618-19CA-4C51-9546-F10965FBC0B8}.iOS|x86.ActiveCfg = Release|Any CPU
		{6D75E618-19CA-4C51-9546-F10965FBC0B8}.iOS|x86.Build.0 = Release|Any CPU
		{6D75E618-19CA-4C51-9546-F10965FBC0B8}.Linux|Any CPU.ActiveCfg = Release|Any CPU
		{6D75E618-19CA-4C51-9546-F10965FBC0B8}.Linux|Any CPU.Build.0 = Release|Any CPU
		{6D75E618-19CA-4C51-9546-F10965FBC0B8}.Linux|Mixed Platforms.ActiveCfg = Release|Any CPU
		{6D75E618-19CA-4C51-9546-F10965FBC0B8}.Linux|Mixed Platforms.Build.0 = Release|Any CPU
		{6D75E618-19CA-4C51-9546-F10965FBC0B8}.Linux|x86.ActiveCfg = Release|Any CPU
		{6D75E618-19CA-4C51-9546-F10965FBC0B8}.Linux|x86.Build.0 = Release|Any CPU
		{6D75E618-19CA-4C51-9546-F10965FBC0B8}.OSX|Any CPU.ActiveCfg = Release|Any CPU
		{6D75E618-19CA-4C51-9546-F10965FBC0B8}.OSX|Any CPU.Build.0 = Release|Any CPU
		{6D75E618-19CA-4C51-9546-F10965FBC0B8}.OSX|Mixed Platforms.ActiveCfg = Release|Any CPU
		{6D75E618-19CA-4C51-9546-F10965FBC0B8}.OSX|Mixed Platforms.Build.0 = Release|Any CPU
		{6D75E618-19CA-4C51-9546-F10965FBC0B8}.OSX|x86.ActiveCfg = Release|Any CPU
		{6D75E618-19CA-4C51-9546-F10965FBC0B8}.OSX|x86.Build.0 = Release|Any CPU
		{6D75E618-19CA-4C51-9546-F10965FBC0B8}.PSM|Any CPU.ActiveCfg = Release|Any CPU
		{6D75E618-19CA-4C51-9546-F10965FBC0B8}.PSM|Any CPU.Build.0 = Release|Any CPU
		{6D75E618-19CA-4C51-9546-F10965FBC0B8}.PSM|Mixed Platforms.ActiveCfg = Release|Any CPU
		{6D75E618-19CA-4C51-9546-F10965FBC0B8}.PSM|Mixed Platforms.Build.0 = Release|Any CPU
		{6D75E618-19CA-4C51-9546-F10965FBC0B8}.PSM|x86.ActiveCfg = Release|Any CPU
		{6D75E618-19CA-4C51-9546-F10965FBC0B8}.PSM|x86.Build.0 = Release|Any CPU
		{6D75E618-19CA-4C51-9546-F10965FBC0B8}.Release|Any CPU.ActiveCfg = Release|Any CPU
		{6D75E618-19CA-4C51-9546-F10965FBC0B8}.Release|Any CPU.Build.0 = Release|Any CPU
		{6D75E618-19CA-4C51-9546-F10965FBC0B8}.Release|Mixed Platforms.ActiveCfg = Release|Any CPU
		{6D75E618-19CA-4C51-9546-F10965FBC0B8}.Release|Mixed Platforms.Build.0 = Release|Any CPU
		{6D75E618-19CA-4C51-9546-F10965FBC0B8}.Release|x86.ActiveCfg = Release|Any CPU
		{6D75E618-19CA-4C51-9546-F10965FBC0B8}.Release|x86.Build.0 = Release|Any CPU
		{6D75E618-19CA-4C51-9546-F10965FBC0B8}.Windows|Any CPU.ActiveCfg = Release|Any CPU
		{6D75E618-19CA-4C51-9546-F10965FBC0B8}.Windows|Any CPU.Build.0 = Release|Any CPU
		{6D75E618-19CA-4C51-9546-F10965FBC0B8}.Windows|Mixed Platforms.ActiveCfg = Release|Any CPU
		{6D75E618-19CA-4C51-9546-F10965FBC0B8}.Windows|Mixed Platforms.Build.0 = Release|Any CPU
		{6D75E618-19CA-4C51-9546-F10965FBC0B8}.Windows|x86.ActiveCfg = Release|Any CPU
		{6D75E618-19CA-4C51-9546-F10965FBC0B8}.Windows|x86.Build.0 = Release|Any CPU
		{6D75E618-19CA-4C51-9546-F10965FBC0B8}.Windows8|Any CPU.ActiveCfg = Release|Any CPU
		{6D75E618-19CA-4C51-9546-F10965FBC0B8}.Windows8|Any CPU.Build.0 = Release|Any CPU
		{6D75E618-19CA-4C51-9546-F10965FBC0B8}.Windows8|Mixed Platforms.ActiveCfg = Release|Any CPU
		{6D75E618-19CA-4C51-9546-F10965FBC0B8}.Windows8|Mixed Platforms.Build.0 = Release|Any CPU
		{6D75E618-19CA-4C51-9546-F10965FBC0B8}.Windows8|x86.ActiveCfg = Release|Any CPU
		{6D75E618-19CA-4C51-9546-F10965FBC0B8}.Windows8|x86.Build.0 = Release|Any CPU
	EndGlobalSection
	GlobalSection(SolutionProperties) = preSolution
		HideSolutionNode = FALSE
	EndGlobalSection
EndGlobal
