
Microsoft Visual Studio Solution File, Format Version 12.00
# Visual Studio 2013
VisualStudioVersion = 12.0.31101.0
MinimumVisualStudioVersion = 10.0.40219.1
Project("{FAE04EC0-301F-11D3-BF4B-00C04F79EFBC}") = "PDPatcher", "PDPatcher\PDPatcher.csproj", "{C4ED6B8F-2479-4AE8-AAC7-AAAB464A0C8A}"
EndProject
Project("{FAE04EC0-301F-11D3-BF4B-00C04F79EFBC}") = "KISS.net", "..\KISS.net\KISS.net\KISS.net.csproj", "{3E55B22C-E3A4-41EF-B0A7-2029F9B622A0}"
EndProject
Global
	GlobalSection(SolutionConfigurationPlatforms) = preSolution
		Debug|Any CPU = Debug|Any CPU
		Release|Any CPU = Release|Any CPU
	EndGlobalSection
	GlobalSection(ProjectConfigurationPlatforms) = postSolution
		{C4ED6B8F-2479-4AE8-AAC7-AAAB464A0C8A}.Debug|Any CPU.ActiveCfg = Debug|Any CPU
		{C4ED6B8F-2479-4AE8-AAC7-AAAB464A0C8A}.Debug|Any CPU.Build.0 = Debug|Any CPU
		{C4ED6B8F-2479-4AE8-AAC7-AAAB464A0C8A}.Release|Any CPU.ActiveCfg = Release|Any CPU
		{C4ED6B8F-2479-4AE8-AAC7-AAAB464A0C8A}.Release|Any CPU.Build.0 = Release|Any CPU
		{3E55B22C-E3A4-41EF-B0A7-2029F9B622A0}.Debug|Any CPU.ActiveCfg = Debug|Any CPU
		{3E55B22C-E3A4-41EF-B0A7-2029F9B622A0}.Debug|Any CPU.Build.0 = Debug|Any CPU
		{3E55B22C-E3A4-41EF-B0A7-2029F9B622A0}.Release|Any CPU.ActiveCfg = Release|Any CPU
		{3E55B22C-E3A4-41EF-B0A7-2029F9B622A0}.Release|Any CPU.Build.0 = Release|Any CPU
	EndGlobalSection
	GlobalSection(SolutionProperties) = preSolution
		HideSolutionNode = FALSE
	EndGlobalSection
EndGlobal
