
Microsoft Visual Studio Solution File, Format Version 12.00
# Visual Studio Version 17
VisualStudioVersion = 17.14.36811.4 d17.14
MinimumVisualStudioVersion = 10.0.40219.1
Project("{FAE04EC0-301F-11D3-BF4B-00C04F79EFBC}") = "FSO.BrowserClient", "FSO.BrowserClient.csproj", "{235F31E2-D49E-4E69-86C8-B011D41C7008}"
EndProject
Global
	GlobalSection(SolutionConfigurationPlatforms) = preSolution
		Debug|Any CPU = Debug|Any CPU
		Release|Any CPU = Release|Any CPU
	EndGlobalSection
	GlobalSection(ProjectConfigurationPlatforms) = postSolution
		{235F31E2-D49E-4E69-86C8-B011D41C7008}.Debug|Any CPU.ActiveCfg = Debug|Any CPU
		{235F31E2-D49E-4E69-86C8-B011D41C7008}.Debug|Any CPU.Build.0 = Debug|Any CPU
		{235F31E2-D49E-4E69-86C8-B011D41C7008}.Release|Any CPU.ActiveCfg = Release|Any CPU
		{235F31E2-D49E-4E69-86C8-B011D41C7008}.Release|Any CPU.Build.0 = Release|Any CPU
	EndGlobalSection
	GlobalSection(SolutionProperties) = preSolution
		HideSolutionNode = FALSE
	EndGlobalSection
	GlobalSection(ExtensibilityGlobals) = postSolution
		SolutionGuid = {1E2C534D-920D-4F8B-99A7-7AA48F908F8E}
	EndGlobalSection
EndGlobal
