
Microsoft Visual Studio Solution File, Format Version 10.00
# Visual C# Express 2008
Project("{FAE04EC0-301F-11D3-BF4B-00C04F79EFBC}") = "CityRenderer", "CityRenderer\CityRenderer.csproj", "{5E043887-A6DE-4661-96ED-75A7C25B2623}"
EndProject
Global
	GlobalSection(SolutionConfigurationPlatforms) = preSolution
		Debug|Any CPU = Debug|Any CPU
		Debug|Mixed Platforms = Debug|Mixed Platforms
		Debug|x86 = Debug|x86
		Release|Any CPU = Release|Any CPU
		Release|Mixed Platforms = Release|Mixed Platforms
		Release|x86 = Release|x86
	EndGlobalSection
	GlobalSection(ProjectConfigurationPlatforms) = postSolution
		{5E043887-A6DE-4661-96ED-75A7C25B2623}.Debug|Any CPU.ActiveCfg = Debug|x86
		{5E043887-A6DE-4661-96ED-75A7C25B2623}.Debug|Mixed Platforms.ActiveCfg = Debug|x86
		{5E043887-A6DE-4661-96ED-75A7C25B2623}.Debug|Mixed Platforms.Build.0 = Debug|x86
		{5E043887-A6DE-4661-96ED-75A7C25B2623}.Debug|x86.ActiveCfg = Debug|x86
		{5E043887-A6DE-4661-96ED-75A7C25B2623}.Debug|x86.Build.0 = Debug|x86
		{5E043887-A6DE-4661-96ED-75A7C25B2623}.Release|Any CPU.ActiveCfg = Release|x86
		{5E043887-A6DE-4661-96ED-75A7C25B2623}.Release|Mixed Platforms.ActiveCfg = Release|x86
		{5E043887-A6DE-4661-96ED-75A7C25B2623}.Release|Mixed Platforms.Build.0 = Release|x86
		{5E043887-A6DE-4661-96ED-75A7C25B2623}.Release|x86.ActiveCfg = Release|x86
		{5E043887-A6DE-4661-96ED-75A7C25B2623}.Release|x86.Build.0 = Release|x86
		{817AB2DC-9528-4708-AC49-42BA49B377C3}.Debug|Any CPU.ActiveCfg = Debug|x86
		{817AB2DC-9528-4708-AC49-42BA49B377C3}.Debug|Mixed Platforms.ActiveCfg = Debug|x86
		{817AB2DC-9528-4708-AC49-42BA49B377C3}.Debug|x86.ActiveCfg = Debug|x86
		{817AB2DC-9528-4708-AC49-42BA49B377C3}.Release|Any CPU.ActiveCfg = Release|x86
		{817AB2DC-9528-4708-AC49-42BA49B377C3}.Release|Mixed Platforms.ActiveCfg = Release|x86
		{817AB2DC-9528-4708-AC49-42BA49B377C3}.Release|x86.ActiveCfg = Release|x86
	EndGlobalSection
	GlobalSection(SolutionProperties) = preSolution
		HideSolutionNode = FALSE
	EndGlobalSection
EndGlobal
