
Microsoft Visual Studio Solution File, Format Version 11.00
# Visual Studio 2010
Project("{FAE04EC0-301F-11D3-BF4B-00C04F79EFBC}") = "TargaImage", "TargaImage.csproj", "{56F4BD87-2404-4263-80D5-6FA2161EB0A4}"
EndProject
Global
	GlobalSection(SolutionConfigurationPlatforms) = preSolution
		Debug|Any CPU = Debug|Any CPU
		Release|Any CPU = Release|Any CPU
	EndGlobalSection
	GlobalSection(ProjectConfigurationPlatforms) = postSolution
		{56F4BD87-2404-4263-80D5-6FA2161EB0A4}.Debug|Any CPU.ActiveCfg = Debug|Any CPU
		{56F4BD87-2404-4263-80D5-6FA2161EB0A4}.Debug|Any CPU.Build.0 = Debug|Any CPU
		{56F4BD87-2404-4263-80D5-6FA2161EB0A4}.Release|Any CPU.ActiveCfg = Release|Any CPU
		{56F4BD87-2404-4263-80D5-6FA2161EB0A4}.Release|Any CPU.Build.0 = Release|Any CPU
	EndGlobalSection
	GlobalSection(SolutionProperties) = preSolution
		HideSolutionNode = FALSE
	EndGlobalSection
EndGlobal
