
Microsoft Visual Studio Solution File, Format Version 10.00
# Visual C# Express 2008
Project("{FAE04EC0-301F-11D3-BF4B-00C04F79EFBC}") = "GonzoServer", "GonzoServer\GonzoServer.csproj", "{3E3C3F59-7B56-4C25-B78D-9BA405890CA6}"
EndProject
Project("{FAE04EC0-301F-11D3-BF4B-00C04F79EFBC}") = "GonzoNet", "..\..\GonzoNet\GonzoNet\GonzoNet.csproj", "{97E9BFEC-8AED-441A-9028-C5F510522CD9}"
EndProject
Global
	GlobalSection(SolutionConfigurationPlatforms) = preSolution
		Debug|Any CPU = Debug|Any CPU
		Release|Any CPU = Release|Any CPU
	EndGlobalSection
	GlobalSection(ProjectConfigurationPlatforms) = postSolution
		{3E3C3F59-7B56-4C25-B78D-9BA405890CA6}.Debug|Any CPU.ActiveCfg = Debug|Any CPU
		{3E3C3F59-7B56-4C25-B78D-9BA405890CA6}.Debug|Any CPU.Build.0 = Debug|Any CPU
		{3E3C3F59-7B56-4C25-B78D-9BA405890CA6}.Release|Any CPU.ActiveCfg = Release|Any CPU
		{3E3C3F59-7B56-4C25-B78D-9BA405890CA6}.Release|Any CPU.Build.0 = Release|Any CPU
		{97E9BFEC-8AED-441A-9028-C5F510522CD9}.Debug|Any CPU.ActiveCfg = Debug|Any CPU
		{97E9BFEC-8AED-441A-9028-C5F510522CD9}.Debug|Any CPU.Build.0 = Debug|Any CPU
		{97E9BFEC-8AED-441A-9028-C5F510522CD9}.Release|Any CPU.ActiveCfg = Release|Any CPU
		{97E9BFEC-8AED-441A-9028-C5F510522CD9}.Release|Any CPU.Build.0 = Release|Any CPU
	EndGlobalSection
	GlobalSection(SolutionProperties) = preSolution
		HideSolutionNode = FALSE
	EndGlobalSection
EndGlobal
