
Microsoft Visual Studio Solution File, Format Version 10.00
# Visual Studio 2008
Project("{FAE04EC0-301F-11D3-BF4B-00C04F79EFBC}") = "Manifestation", "Manifestation\Manifestation.csproj", "{05C6AC6C-0104-486D-BA8D-0AD4BD2C2191}"
EndProject
Global
	GlobalSection(SolutionConfigurationPlatforms) = preSolution
		Debug|Any CPU = Debug|Any CPU
		Release|Any CPU = Release|Any CPU
	EndGlobalSection
	GlobalSection(ProjectConfigurationPlatforms) = postSolution
		{05C6AC6C-0104-486D-BA8D-0AD4BD2C2191}.Debug|Any CPU.ActiveCfg = Debug|Any CPU
		{05C6AC6C-0104-486D-BA8D-0AD4BD2C2191}.Debug|Any CPU.Build.0 = Debug|Any CPU
		{05C6AC6C-0104-486D-BA8D-0AD4BD2C2191}.Release|Any CPU.ActiveCfg = Release|Any CPU
		{05C6AC6C-0104-486D-BA8D-0AD4BD2C2191}.Release|Any CPU.Build.0 = Release|Any CPU
	EndGlobalSection
	GlobalSection(SolutionProperties) = preSolution
		HideSolutionNode = FALSE
	EndGlobalSection
EndGlobal
