
Microsoft Visual Studio Solution File, Format Version 10.00
# Visual C# Express 2008
Project("{FAE04EC0-301F-11D3-BF4B-00C04F79EFBC}") = "PDBootstrap", "PDBootstrap\PDBootstrap.csproj", "{65D7C32A-CFB5-4C7A-8749-5CD133AC7301}"
EndProject
Global
	GlobalSection(SolutionConfigurationPlatforms) = preSolution
		Debug|Any CPU = Debug|Any CPU
		Release|Any CPU = Release|Any CPU
	EndGlobalSection
	GlobalSection(ProjectConfigurationPlatforms) = postSolution
		{65D7C32A-CFB5-4C7A-8749-5CD133AC7301}.Debug|Any CPU.ActiveCfg = Debug|Any CPU
		{65D7C32A-CFB5-4C7A-8749-5CD133AC7301}.Debug|Any CPU.Build.0 = Debug|Any CPU
		{65D7C32A-CFB5-4C7A-8749-5CD133AC7301}.Release|Any CPU.ActiveCfg = Release|Any CPU
		{65D7C32A-CFB5-4C7A-8749-5CD133AC7301}.Release|Any CPU.Build.0 = Release|Any CPU
	EndGlobalSection
	GlobalSection(SolutionProperties) = preSolution
		HideSolutionNode = FALSE
	EndGlobalSection
EndGlobal
